// !$*UTF8*$!
{
	archiveVersion = 1;
	classes = {
	};
	objectVersion = 50;
	objects = {

/* Begin PBXBuildFile section */
		1E9CCC8A20FADB3F00C1EDF8 /* AppDelegate.m in Sources */ = {isa = PBXBuildFile; fileRef = 1E9CCC8920FADB3F00C1EDF8 /* AppDelegate.m */; };
		1E9CCC8D20FADB3F00C1EDF8 /* ViewController.m in Sources */ = {isa = PBXBuildFile; fileRef = 1E9CCC8C20FADB3F00C1EDF8 /* ViewController.m */; };
		1E9CCC9020FADB3F00C1EDF8 /* Main.storyboard in Resources */ = {isa = PBXBuildFile; fileRef = 1E9CCC8E20FADB3F00C1EDF8 /* Main.storyboard */; };
		1E9CCC9320FADB3F00C1EDF8 /* ios_lotieAnmitionView.xcdatamodeld in Sources */ = {isa = PBXBuildFile; fileRef = 1E9CCC9120FADB3F00C1EDF8 /* ios_lotieAnmitionView.xcdatamodeld */; };
		1E9CCC9520FADB4000C1EDF8 /* Assets.xcassets in Resources */ = {isa = PBXBuildFile; fileRef = 1E9CCC9420FADB4000C1EDF8 /* Assets.xcassets */; };
		1E9CCC9820FADB4000C1EDF8 /* LaunchScreen.storyboard in Resources */ = {isa = PBXBuildFile; fileRef = 1E9CCC9620FADB4000C1EDF8 /* LaunchScreen.storyboard */; };
		1E9CCC9B20FADB4000C1EDF8 /* main.m in Sources */ = {isa = PBXBuildFile; fileRef = 1E9CCC9A20FADB4000C1EDF8 /* main.m */; };
		1E9CCCA520FADB4000C1EDF8 /* ios_lotieAnmitionViewTests.m in Sources */ = {isa = PBXBuildFile; fileRef = 1E9CCCA420FADB4000C1EDF8 /* ios_lotieAnmitionViewTests.m */; };
		1E9CCCB020FADB4000C1EDF8 /* ios_lotieAnmitionViewUITests.m in Sources */ = {isa = PBXBuildFile; fileRef = 1E9CCCAF20FADB4000C1EDF8 /* ios_lotieAnmitionViewUITests.m */; };
		1E9CCD9720FADB9300C1EDF8 /* image2.bundle in Resources */ = {isa = PBXBuildFile; fileRef = 1E9CCD9020FADB9300C1EDF8 /* image2.bundle */; };
		1E9CCD9820FADB9300C1EDF8 /* image4.bundle in Resources */ = {isa = PBXBuildFile; fileRef = 1E9CCD9120FADB9300C1EDF8 /* image4.bundle */; };
		1E9CCD9920FADB9300C1EDF8 /* image6.bundle in Resources */ = {isa = PBXBuildFile; fileRef = 1E9CCD9220FADB9300C1EDF8 /* image6.bundle */; };
		1E9CCD9A20FADB9300C1EDF8 /* image3.bundle in Resources */ = {isa = PBXBuildFile; fileRef = 1E9CCD9320FADB9300C1EDF8 /* image3.bundle */; };
		1E9CCD9B20FADB9300C1EDF8 /* image1.bundle in Resources */ = {isa = PBXBuildFile; fileRef = 1E9CCD9420FADB9300C1EDF8 /* image1.bundle */; };
		1E9CCD9C20FADB9300C1EDF8 /* image5.bundle in Resources */ = {isa = PBXBuildFile; fileRef = 1E9CCD9520FADB9300C1EDF8 /* image5.bundle */; };
		1E9CCD9D20FADB9300C1EDF8 /* image7.bundle in Resources */ = {isa = PBXBuildFile; fileRef = 1E9CCD9620FADB9300C1EDF8 /* image7.bundle */; };
		213174132106CCD800EAEAC6 /* LOTRenderNode.m in Sources */ = {isa = PBXBuildFile; fileRef = 213173812106CCD800EAEAC6 /* LOTRenderNode.m */; };
		213174142106CCD800EAEAC6 /* LOTTrimPathNode.m in Sources */ = {isa = PBXBuildFile; fileRef = 213173862106CCD800EAEAC6 /* LOTTrimPathNode.m */; };
		213174152106CCD800EAEAC6 /* LOTColorInterpolator.m in Sources */ = {isa = PBXBuildFile; fileRef = 213173882106CCD800EAEAC6 /* LOTColorInterpolator.m */; };
		213174162106CCD800EAEAC6 /* LOTPathInterpolator.m in Sources */ = {isa = PBXBuildFile; fileRef = 213173892106CCD800EAEAC6 /* LOTPathInterpolator.m */; };
		213174172106CCD800EAEAC6 /* LOTSizeInterpolator.m in Sources */ = {isa = PBXBuildFile; fileRef = 213173912106CCD800EAEAC6 /* LOTSizeInterpolator.m */; };
		213174182106CCD800EAEAC6 /* LOTPointInterpolator.m in Sources */ = {isa = PBXBuildFile; fileRef = 213173932106CCD800EAEAC6 /* LOTPointInterpolator.m */; };
		213174192106CCD800EAEAC6 /* LOTValueInterpolator.m in Sources */ = {isa = PBXBuildFile; fileRef = 213173942106CCD800EAEAC6 /* LOTValueInterpolator.m */; };
		2131741A2106CCD800EAEAC6 /* LOTTransformInterpolator.m in Sources */ = {isa = PBXBuildFile; fileRef = 213173952106CCD800EAEAC6 /* LOTTransformInterpolator.m */; };
		2131741B2106CCD800EAEAC6 /* LOTArrayInterpolator.m in Sources */ = {isa = PBXBuildFile; fileRef = 213173962106CCD800EAEAC6 /* LOTArrayInterpolator.m */; };
		2131741C2106CCD800EAEAC6 /* LOTNumberInterpolator.m in Sources */ = {isa = PBXBuildFile; fileRef = 213173972106CCD800EAEAC6 /* LOTNumberInterpolator.m */; };
		2131741D2106CCD800EAEAC6 /* LOTAnimatorNode.m in Sources */ = {isa = PBXBuildFile; fileRef = 213173982106CCD800EAEAC6 /* LOTAnimatorNode.m */; };
		2131741E2106CCD800EAEAC6 /* LOTPathAnimator.m in Sources */ = {isa = PBXBuildFile; fileRef = 2131739A2106CCD800EAEAC6 /* LOTPathAnimator.m */; };
		2131741F2106CCD800EAEAC6 /* LOTPolystarAnimator.m in Sources */ = {isa = PBXBuildFile; fileRef = 2131739B2106CCD800EAEAC6 /* LOTPolystarAnimator.m */; };
		213174202106CCD800EAEAC6 /* LOTPolygonAnimator.m in Sources */ = {isa = PBXBuildFile; fileRef = 2131739C2106CCD800EAEAC6 /* LOTPolygonAnimator.m */; };
		213174212106CCD800EAEAC6 /* LOTCircleAnimator.m in Sources */ = {isa = PBXBuildFile; fileRef = 2131739E2106CCD800EAEAC6 /* LOTCircleAnimator.m */; };
		213174222106CCD800EAEAC6 /* LOTRoundedRectAnimator.m in Sources */ = {isa = PBXBuildFile; fileRef = 213173A22106CCD800EAEAC6 /* LOTRoundedRectAnimator.m */; };
		213174232106CCD800EAEAC6 /* LOTRenderGroup.m in Sources */ = {isa = PBXBuildFile; fileRef = 213173A52106CCD800EAEAC6 /* LOTRenderGroup.m */; };
		213174242106CCD800EAEAC6 /* LOTGradientFillRender.m in Sources */ = {isa = PBXBuildFile; fileRef = 213173A62106CCD800EAEAC6 /* LOTGradientFillRender.m */; };
		213174252106CCD800EAEAC6 /* LOTStrokeRenderer.m in Sources */ = {isa = PBXBuildFile; fileRef = 213173AB2106CCD800EAEAC6 /* LOTStrokeRenderer.m */; };
		213174262106CCD800EAEAC6 /* LOTFillRenderer.m in Sources */ = {isa = PBXBuildFile; fileRef = 213173AC2106CCD800EAEAC6 /* LOTFillRenderer.m */; };
		213174272106CCD800EAEAC6 /* LOTRepeaterRenderer.m in Sources */ = {isa = PBXBuildFile; fileRef = 213173AE2106CCD800EAEAC6 /* LOTRepeaterRenderer.m */; };
		213174282106CCD800EAEAC6 /* .gitkeep in Resources */ = {isa = PBXBuildFile; fileRef = 213173AF2106CCD800EAEAC6 /* .gitkeep */; };
		213174292106CCD800EAEAC6 /* LOTMask.m in Sources */ = {isa = PBXBuildFile; fileRef = 213173B12106CCD800EAEAC6 /* LOTMask.m */; };
		2131742A2106CCD800EAEAC6 /* LOTLayer.m in Sources */ = {isa = PBXBuildFile; fileRef = 213173B22106CCD800EAEAC6 /* LOTLayer.m */; };
		2131742B2106CCD800EAEAC6 /* LOTAssetGroup.m in Sources */ = {isa = PBXBuildFile; fileRef = 213173B32106CCD800EAEAC6 /* LOTAssetGroup.m */; };
		2131742C2106CCD800EAEAC6 /* LOTLayerGroup.m in Sources */ = {isa = PBXBuildFile; fileRef = 213173B82106CCD800EAEAC6 /* LOTLayerGroup.m */; };
		2131742D2106CCD800EAEAC6 /* LOTShapeStar.m in Sources */ = {isa = PBXBuildFile; fileRef = 213173B92106CCD800EAEAC6 /* LOTShapeStar.m */; };
		2131742E2106CCD800EAEAC6 /* LOTShapeTrimPath.m in Sources */ = {isa = PBXBuildFile; fileRef = 213173BA2106CCD800EAEAC6 /* LOTShapeTrimPath.m */; };
		2131742F2106CCD800EAEAC6 /* LOTShapeGradientFill.m in Sources */ = {isa = PBXBuildFile; fileRef = 213173BE2106CCD800EAEAC6 /* LOTShapeGradientFill.m */; };
		213174302106CCD800EAEAC6 /* LOTAsset.m in Sources */ = {isa = PBXBuildFile; fileRef = 213173C12106CCD800EAEAC6 /* LOTAsset.m */; };
		213174312106CCD800EAEAC6 /* LOTShapeRepeater.m in Sources */ = {isa = PBXBuildFile; fileRef = 213173C32106CCD800EAEAC6 /* LOTShapeRepeater.m */; };
		213174322106CCD800EAEAC6 /* LOTShapeRectangle.m in Sources */ = {isa = PBXBuildFile; fileRef = 213173C52106CCD800EAEAC6 /* LOTShapeRectangle.m */; };
		213174332106CCD800EAEAC6 /* LOTShapeCircle.m in Sources */ = {isa = PBXBuildFile; fileRef = 213173CA2106CCD800EAEAC6 /* LOTShapeCircle.m */; };
		213174342106CCD800EAEAC6 /* LOTShapePath.m in Sources */ = {isa = PBXBuildFile; fileRef = 213173CB2106CCD800EAEAC6 /* LOTShapePath.m */; };
		213174352106CCD800EAEAC6 /* LOTShapeGroup.m in Sources */ = {isa = PBXBuildFile; fileRef = 213173CC2106CCD800EAEAC6 /* LOTShapeGroup.m */; };
		213174362106CCD800EAEAC6 /* LOTShapeFill.m in Sources */ = {isa = PBXBuildFile; fileRef = 213173CE2106CCD800EAEAC6 /* LOTShapeFill.m */; };
		213174372106CCD800EAEAC6 /* LOTShapeTransform.m in Sources */ = {isa = PBXBuildFile; fileRef = 213173CF2106CCD800EAEAC6 /* LOTShapeTransform.m */; };
		213174382106CCD800EAEAC6 /* LOTShapeStroke.m in Sources */ = {isa = PBXBuildFile; fileRef = 213173D12106CCD800EAEAC6 /* LOTShapeStroke.m */; };
		213174392106CCD800EAEAC6 /* CGGeometry+LOTAdditions.m in Sources */ = {isa = PBXBuildFile; fileRef = 213173D52106CCD800EAEAC6 /* CGGeometry+LOTAdditions.m */; };
		2131743A2106CCD800EAEAC6 /* LOTBezierPath.m in Sources */ = {isa = PBXBuildFile; fileRef = 213173D62106CCD800EAEAC6 /* LOTBezierPath.m */; };
		2131743B2106CCD800EAEAC6 /* LOTRadialGradientLayer.m in Sources */ = {isa = PBXBuildFile; fileRef = 213173D82106CCD800EAEAC6 /* LOTRadialGradientLayer.m */; };
		2131743C2106CCD800EAEAC6 /* UIColor+Expanded.m in Sources */ = {isa = PBXBuildFile; fileRef = 213173DB2106CCD800EAEAC6 /* UIColor+Expanded.m */; };
		2131743D2106CCD800EAEAC6 /* UIBezierPath.m in Sources */ = {isa = PBXBuildFile; fileRef = 213173DE2106CCD800EAEAC6 /* UIBezierPath.m */; };
		2131743E2106CCD800EAEAC6 /* UIColor.m in Sources */ = {isa = PBXBuildFile; fileRef = 213173E12106CCD800EAEAC6 /* UIColor.m */; };
		2131743F2106CCD800EAEAC6 /* NSValue+Compat.m in Sources */ = {isa = PBXBuildFile; fileRef = 213173E42106CCD800EAEAC6 /* NSValue+Compat.m */; };
		213174402106CCD800EAEAC6 /* CALayer+Compat.m in Sources */ = {isa = PBXBuildFile; fileRef = 213173E52106CCD800EAEAC6 /* CALayer+Compat.m */; };
		213174412106CCD800EAEAC6 /* LOTAnimationCache.m in Sources */ = {isa = PBXBuildFile; fileRef = 213173E72106CCD800EAEAC6 /* LOTAnimationCache.m */; };
		213174422106CCD800EAEAC6 /* LOTComposition.m in Sources */ = {isa = PBXBuildFile; fileRef = 213173E92106CCD800EAEAC6 /* LOTComposition.m */; };
		213174432106CCD800EAEAC6 /* LOTValueCallback.m in Sources */ = {isa = PBXBuildFile; fileRef = 213173EA2106CCD800EAEAC6 /* LOTValueCallback.m */; };
		213174442106CCD800EAEAC6 /* LOTBlockCallback.m in Sources */ = {isa = PBXBuildFile; fileRef = 213173EB2106CCD800EAEAC6 /* LOTBlockCallback.m */; };
		213174452106CCD800EAEAC6 /* LOTAnimationView.m in Sources */ = {isa = PBXBuildFile; fileRef = 213173EC2106CCD800EAEAC6 /* LOTAnimationView.m */; };
		213174462106CCD800EAEAC6 /* LOTAnimationTransitionController.m in Sources */ = {isa = PBXBuildFile; fileRef = 213173ED2106CCD800EAEAC6 /* LOTAnimationTransitionController.m */; };
		213174472106CCD800EAEAC6 /* LOTBundle.m in Sources */ = {isa = PBXBuildFile; fileRef = 213173EF2106CCD800EAEAC6 /* LOTBundle.m */; };
		213174482106CCD800EAEAC6 /* LOTKeypath.m in Sources */ = {isa = PBXBuildFile; fileRef = 213173F02106CCD800EAEAC6 /* LOTKeypath.m */; };
		213174492106CCD800EAEAC6 /* LOTCacheProvider.m in Sources */ = {isa = PBXBuildFile; fileRef = 213173F12106CCD800EAEAC6 /* LOTCacheProvider.m */; };
		2131744A2106CCD800EAEAC6 /* LOTAnimatedControl.m in Sources */ = {isa = PBXBuildFile; fileRef = 213173F22106CCD800EAEAC6 /* LOTAnimatedControl.m */; };
		2131744B2106CCD800EAEAC6 /* LOTInterpolatorCallback.m in Sources */ = {isa = PBXBuildFile; fileRef = 213173F32106CCD800EAEAC6 /* LOTInterpolatorCallback.m */; };
		2131744C2106CCD800EAEAC6 /* LOTAnimatedSwitch.m in Sources */ = {isa = PBXBuildFile; fileRef = 213173F42106CCD800EAEAC6 /* LOTAnimatedSwitch.m */; };
		2131744D2106CCD800EAEAC6 /* LOTKeyframe.m in Sources */ = {isa = PBXBuildFile; fileRef = 213173F62106CCD800EAEAC6 /* LOTKeyframe.m */; };
		2131744E2106CCD800EAEAC6 /* LOTBezierData.m in Sources */ = {isa = PBXBuildFile; fileRef = 213173F72106CCD800EAEAC6 /* LOTBezierData.m */; };
		2131744F2106CCD800EAEAC6 /* LOTLayerContainer.m in Sources */ = {isa = PBXBuildFile; fileRef = 213173FB2106CCD800EAEAC6 /* LOTLayerContainer.m */; };
		213174502106CCD800EAEAC6 /* LOTCompositionContainer.m in Sources */ = {isa = PBXBuildFile; fileRef = 213173FF2106CCD800EAEAC6 /* LOTCompositionContainer.m */; };
		213174512106CCD800EAEAC6 /* LOTMaskContainer.m in Sources */ = {isa = PBXBuildFile; fileRef = 213174002106CCD800EAEAC6 /* LOTMaskContainer.m */; };
		213174522106CCD800EAEAC6 /* .gitkeep in Resources */ = {isa = PBXBuildFile; fileRef = 213174122106CCD800EAEAC6 /* .gitkeep */; };
		2152507B20FC66D5009E829C /* anmitionCollectionViewCell.m in Sources */ = {isa = PBXBuildFile; fileRef = 2152507A20FC66D5009E829C /* anmitionCollectionViewCell.m */; };
		2152507E20FC677F009E829C /* MyPullulationCollectionViewLayout.m in Sources */ = {isa = PBXBuildFile; fileRef = 2152507C20FC677E009E829C /* MyPullulationCollectionViewLayout.m */; };
		2152508120FD8C59009E829C /* hudViewController.m in Sources */ = {isa = PBXBuildFile; fileRef = 2152508020FD8C59009E829C /* hudViewController.m */; };
		2152508420FD8D54009E829C /* rootViewController.m in Sources */ = {isa = PBXBuildFile; fileRef = 2152508320FD8D54009E829C /* rootViewController.m */; };
		2152552E20FF195B009E829C /* anmitionModel.m in Sources */ = {isa = PBXBuildFile; fileRef = 2152552D20FF195B009E829C /* anmitionModel.m */; };
		2152560821004009009E829C /* empty_status.json in Resources */ = {isa = PBXBuildFile; fileRef = 2152560721004009009E829C /* empty_status.json */; };
		2152560A210043C5009E829C /* data.json in Resources */ = {isa = PBXBuildFile; fileRef = 21525609210043C5009E829C /* data.json */; };
		215256122101C0FA009E829C /* MBProgressHUD+hud.m in Sources */ = {isa = PBXBuildFile; fileRef = 215256112101C0FA009E829C /* MBProgressHUD+hud.m */; };
		215256172101C184009E829C /* loading.json in Resources */ = {isa = PBXBuildFile; fileRef = 215256162101C183009E829C /* loading.json */; };
		2152561D2101D217009E829C /* error.json in Resources */ = {isa = PBXBuildFile; fileRef = 2152561C2101D217009E829C /* error.json */; };
		2152561F2101D2B9009E829C /* success.json in Resources */ = {isa = PBXBuildFile; fileRef = 2152561E2101D2B9009E829C /* success.json */; };
		215256232101E616009E829C /* setting.json in Resources */ = {isa = PBXBuildFile; fileRef = 215256222101E616009E829C /* setting.json */; };
		57C8429AB1950C5CFE137E97 /* libPods-ios-lotieAnmitionView.a in Frameworks */ = {isa = PBXBuildFile; fileRef = D50599A62D88FAE46FD48021 /* libPods-ios-lotieAnmitionView.a */; };
		6C029EF0E2977087881BDE1F /* libPods-ios-lotieAnmitionViewTests.a in Frameworks */ = {isa = PBXBuildFile; fileRef = 86E19274E347E1B803B7F08E /* libPods-ios-lotieAnmitionViewTests.a */; };
		8F20C9C78229446E0002F020 /* libPods-ios-lotieAnmitionViewUITests.a in Frameworks */ = {isa = PBXBuildFile; fileRef = 96DB491613267E6E27130ED3 /* libPods-ios-lotieAnmitionViewUITests.a */; };
/* End PBXBuildFile section */

/* Begin PBXContainerItemProxy section */
		1E9CCCA120FADB4000C1EDF8 /* PBXContainerItemProxy */ = {
			isa = PBXContainerItemProxy;
			containerPortal = 1E9CCC7D20FADB3F00C1EDF8 /* Project object */;
			proxyType = 1;
			remoteGlobalIDString = 1E9CCC8420FADB3F00C1EDF8;
			remoteInfo = "ios-lotieAnmitionView";
		};
		1E9CCCAC20FADB4000C1EDF8 /* PBXContainerItemProxy */ = {
			isa = PBXContainerItemProxy;
			containerPortal = 1E9CCC7D20FADB3F00C1EDF8 /* Project object */;
			proxyType = 1;
			remoteGlobalIDString = 1E9CCC8420FADB3F00C1EDF8;
			remoteInfo = "ios-lotieAnmitionView";
		};
/* End PBXContainerItemProxy section */

/* Begin PBXFileReference section */
		1E9CCC8520FADB3F00C1EDF8 /* ios-lotieAnmitionView.app */ = {isa = PBXFileReference; explicitFileType = wrapper.application; includeInIndex = 0; path = "ios-lotieAnmitionView.app"; sourceTree = BUILT_PRODUCTS_DIR; };
		1E9CCC8820FADB3F00C1EDF8 /* AppDelegate.h */ = {isa = PBXFileReference; lastKnownFileType = sourcecode.c.h; path = AppDelegate.h; sourceTree = "<group>"; };
		1E9CCC8920FADB3F00C1EDF8 /* AppDelegate.m */ = {isa = PBXFileReference; lastKnownFileType = sourcecode.c.objc; path = AppDelegate.m; sourceTree = "<group>"; };
		1E9CCC8B20FADB3F00C1EDF8 /* ViewController.h */ = {isa = PBXFileReference; lastKnownFileType = sourcecode.c.h; path = ViewController.h; sourceTree = "<group>"; };
		1E9CCC8C20FADB3F00C1EDF8 /* ViewController.m */ = {isa = PBXFileReference; lastKnownFileType = sourcecode.c.objc; path = ViewController.m; sourceTree = "<group>"; };
		1E9CCC8F20FADB3F00C1EDF8 /* Base */ = {isa = PBXFileReference; lastKnownFileType = file.storyboard; name = Base; path = Base.lproj/Main.storyboard; sourceTree = "<group>"; };
		1E9CCC9220FADB3F00C1EDF8 /* ios_lotieAnmitionView.xcdatamodel */ = {isa = PBXFileReference; lastKnownFileType = wrapper.xcdatamodel; path = ios_lotieAnmitionView.xcdatamodel; sourceTree = "<group>"; };
		1E9CCC9420FADB4000C1EDF8 /* Assets.xcassets */ = {isa = PBXFileReference; lastKnownFileType = folder.assetcatalog; path = Assets.xcassets; sourceTree = "<group>"; };
		1E9CCC9720FADB4000C1EDF8 /* Base */ = {isa = PBXFileReference; lastKnownFileType = file.storyboard; name = Base; path = Base.lproj/LaunchScreen.storyboard; sourceTree = "<group>"; };
		1E9CCC9920FADB4000C1EDF8 /* Info.plist */ = {isa = PBXFileReference; lastKnownFileType = text.plist.xml; path = Info.plist; sourceTree = "<group>"; };
		1E9CCC9A20FADB4000C1EDF8 /* main.m */ = {isa = PBXFileReference; lastKnownFileType = sourcecode.c.objc; path = main.m; sourceTree = "<group>"; };
		1E9CCCA020FADB4000C1EDF8 /* ios-lotieAnmitionViewTests.xctest */ = {isa = PBXFileReference; explicitFileType = wrapper.cfbundle; includeInIndex = 0; path = "ios-lotieAnmitionViewTests.xctest"; sourceTree = BUILT_PRODUCTS_DIR; };
		1E9CCCA420FADB4000C1EDF8 /* ios_lotieAnmitionViewTests.m */ = {isa = PBXFileReference; lastKnownFileType = sourcecode.c.objc; path = ios_lotieAnmitionViewTests.m; sourceTree = "<group>"; };
		1E9CCCA620FADB4000C1EDF8 /* Info.plist */ = {isa = PBXFileReference; lastKnownFileType = text.plist.xml; path = Info.plist; sourceTree = "<group>"; };
		1E9CCCAB20FADB4000C1EDF8 /* ios-lotieAnmitionViewUITests.xctest */ = {isa = PBXFileReference; explicitFileType = wrapper.cfbundle; includeInIndex = 0; path = "ios-lotieAnmitionViewUITests.xctest"; sourceTree = BUILT_PRODUCTS_DIR; };
		1E9CCCAF20FADB4000C1EDF8 /* ios_lotieAnmitionViewUITests.m */ = {isa = PBXFileReference; lastKnownFileType = sourcecode.c.objc; path = ios_lotieAnmitionViewUITests.m; sourceTree = "<group>"; };
		1E9CCCB120FADB4000C1EDF8 /* Info.plist */ = {isa = PBXFileReference; lastKnownFileType = text.plist.xml; path = Info.plist; sourceTree = "<group>"; };
		1E9CCD9020FADB9300C1EDF8 /* image2.bundle */ = {isa = PBXFileReference; lastKnownFileType = "wrapper.plug-in"; path = image2.bundle; sourceTree = "<group>"; };
		1E9CCD9120FADB9300C1EDF8 /* image4.bundle */ = {isa = PBXFileReference; lastKnownFileType = "wrapper.plug-in"; path = image4.bundle; sourceTree = "<group>"; };
		1E9CCD9220FADB9300C1EDF8 /* image6.bundle */ = {isa = PBXFileReference; lastKnownFileType = "wrapper.plug-in"; path = image6.bundle; sourceTree = "<group>"; };
		1E9CCD9320FADB9300C1EDF8 /* image3.bundle */ = {isa = PBXFileReference; lastKnownFileType = "wrapper.plug-in"; path = image3.bundle; sourceTree = "<group>"; };
		1E9CCD9420FADB9300C1EDF8 /* image1.bundle */ = {isa = PBXFileReference; lastKnownFileType = "wrapper.plug-in"; path = image1.bundle; sourceTree = "<group>"; };
		1E9CCD9520FADB9300C1EDF8 /* image5.bundle */ = {isa = PBXFileReference; lastKnownFileType = "wrapper.plug-in"; path = image5.bundle; sourceTree = "<group>"; };
		1E9CCD9620FADB9300C1EDF8 /* image7.bundle */ = {isa = PBXFileReference; lastKnownFileType = "wrapper.plug-in"; path = image7.bundle; sourceTree = "<group>"; };
		213173812106CCD800EAEAC6 /* LOTRenderNode.m */ = {isa = PBXFileReference; fileEncoding = 4; lastKnownFileType = sourcecode.c.objc; path = LOTRenderNode.m; sourceTree = "<group>"; };
		213173822106CCD800EAEAC6 /* LOTAnimatorNode.h */ = {isa = PBXFileReference; fileEncoding = 4; lastKnownFileType = sourcecode.c.h; path = LOTAnimatorNode.h; sourceTree = "<group>"; };
		213173832106CCD800EAEAC6 /* LOTRenderNode.h */ = {isa = PBXFileReference; fileEncoding = 4; lastKnownFileType = sourcecode.c.h; path = LOTRenderNode.h; sourceTree = "<group>"; };
		213173852106CCD800EAEAC6 /* LOTTrimPathNode.h */ = {isa = PBXFileReference; fileEncoding = 4; lastKnownFileType = sourcecode.c.h; path = LOTTrimPathNode.h; sourceTree = "<group>"; };
		213173862106CCD800EAEAC6 /* LOTTrimPathNode.m */ = {isa = PBXFileReference; fileEncoding = 4; lastKnownFileType = sourcecode.c.objc; path = LOTTrimPathNode.m; sourceTree = "<group>"; };
		213173882106CCD800EAEAC6 /* LOTColorInterpolator.m */ = {isa = PBXFileReference; fileEncoding = 4; lastKnownFileType = sourcecode.c.objc; path = LOTColorInterpolator.m; sourceTree = "<group>"; };
		213173892106CCD800EAEAC6 /* LOTPathInterpolator.m */ = {isa = PBXFileReference; fileEncoding = 4; lastKnownFileType = sourcecode.c.objc; path = LOTPathInterpolator.m; sourceTree = "<group>"; };
		2131738A2106CCD800EAEAC6 /* LOTSizeInterpolator.h */ = {isa = PBXFileReference; fileEncoding = 4; lastKnownFileType = sourcecode.c.h; path = LOTSizeInterpolator.h; sourceTree = "<group>"; };
		2131738B2106CCD800EAEAC6 /* LOTValueInterpolator.h */ = {isa = PBXFileReference; fileEncoding = 4; lastKnownFileType = sourcecode.c.h; path = LOTValueInterpolator.h; sourceTree = "<group>"; };
		2131738C2106CCD800EAEAC6 /* LOTPointInterpolator.h */ = {isa = PBXFileReference; fileEncoding = 4; lastKnownFileType = sourcecode.c.h; path = LOTPointInterpolator.h; sourceTree = "<group>"; };
		2131738D2106CCD800EAEAC6 /* LOTNumberInterpolator.h */ = {isa = PBXFileReference; fileEncoding = 4; lastKnownFileType = sourcecode.c.h; path = LOTNumberInterpolator.h; sourceTree = "<group>"; };
		2131738E2106CCD800EAEAC6 /* LOTTransformInterpolator.h */ = {isa = PBXFileReference; fileEncoding = 4; lastKnownFileType = sourcecode.c.h; path = LOTTransformInterpolator.h; sourceTree = "<group>"; };
		2131738F2106CCD800EAEAC6 /* LOTArrayInterpolator.h */ = {isa = PBXFileReference; fileEncoding = 4; lastKnownFileType = sourcecode.c.h; path = LOTArrayInterpolator.h; sourceTree = "<group>"; };
		213173902106CCD800EAEAC6 /* LOTColorInterpolator.h */ = {isa = PBXFileReference; fileEncoding = 4; lastKnownFileType = sourcecode.c.h; path = LOTColorInterpolator.h; sourceTree = "<group>"; };
		213173912106CCD800EAEAC6 /* LOTSizeInterpolator.m */ = {isa = PBXFileReference; fileEncoding = 4; lastKnownFileType = sourcecode.c.objc; path = LOTSizeInterpolator.m; sourceTree = "<group>"; };
		213173922106CCD800EAEAC6 /* LOTPathInterpolator.h */ = {isa = PBXFileReference; fileEncoding = 4; lastKnownFileType = sourcecode.c.h; path = LOTPathInterpolator.h; sourceTree = "<group>"; };
		213173932106CCD800EAEAC6 /* LOTPointInterpolator.m */ = {isa = PBXFileReference; fileEncoding = 4; lastKnownFileType = sourcecode.c.objc; path = LOTPointInterpolator.m; sourceTree = "<group>"; };
		213173942106CCD800EAEAC6 /* LOTValueInterpolator.m */ = {isa = PBXFileReference; fileEncoding = 4; lastKnownFileType = sourcecode.c.objc; path = LOTValueInterpolator.m; sourceTree = "<group>"; };
		213173952106CCD800EAEAC6 /* LOTTransformInterpolator.m */ = {isa = PBXFileReference; fileEncoding = 4; lastKnownFileType = sourcecode.c.objc; path = LOTTransformInterpolator.m; sourceTree = "<group>"; };
		213173962106CCD800EAEAC6 /* LOTArrayInterpolator.m */ = {isa = PBXFileReference; fileEncoding = 4; lastKnownFileType = sourcecode.c.objc; path = LOTArrayInterpolator.m; sourceTree = "<group>"; };
		213173972106CCD800EAEAC6 /* LOTNumberInterpolator.m */ = {isa = PBXFileReference; fileEncoding = 4; lastKnownFileType = sourcecode.c.objc; path = LOTNumberInterpolator.m; sourceTree = "<group>"; };
		213173982106CCD800EAEAC6 /* LOTAnimatorNode.m */ = {isa = PBXFileReference; fileEncoding = 4; lastKnownFileType = sourcecode.c.objc; path = LOTAnimatorNode.m; sourceTree = "<group>"; };
		2131739A2106CCD800EAEAC6 /* LOTPathAnimator.m */ = {isa = PBXFileReference; fileEncoding = 4; lastKnownFileType = sourcecode.c.objc; path = LOTPathAnimator.m; sourceTree = "<group>"; };
		2131739B2106CCD800EAEAC6 /* LOTPolystarAnimator.m */ = {isa = PBXFileReference; fileEncoding = 4; lastKnownFileType = sourcecode.c.objc; path = LOTPolystarAnimator.m; sourceTree = "<group>"; };
		2131739C2106CCD800EAEAC6 /* LOTPolygonAnimator.m */ = {isa = PBXFileReference; fileEncoding = 4; lastKnownFileType = sourcecode.c.objc; path = LOTPolygonAnimator.m; sourceTree = "<group>"; };
		2131739D2106CCD800EAEAC6 /* LOTRoundedRectAnimator.h */ = {isa = PBXFileReference; fileEncoding = 4; lastKnownFileType = sourcecode.c.h; path = LOTRoundedRectAnimator.h; sourceTree = "<group>"; };
		2131739E2106CCD800EAEAC6 /* LOTCircleAnimator.m */ = {isa = PBXFileReference; fileEncoding = 4; lastKnownFileType = sourcecode.c.objc; path = LOTCircleAnimator.m; sourceTree = "<group>"; };
		2131739F2106CCD800EAEAC6 /* LOTPolystarAnimator.h */ = {isa = PBXFileReference; fileEncoding = 4; lastKnownFileType = sourcecode.c.h; path = LOTPolystarAnimator.h; sourceTree = "<group>"; };
		213173A02106CCD800EAEAC6 /* LOTPathAnimator.h */ = {isa = PBXFileReference; fileEncoding = 4; lastKnownFileType = sourcecode.c.h; path = LOTPathAnimator.h; sourceTree = "<group>"; };
		213173A12106CCD800EAEAC6 /* LOTCircleAnimator.h */ = {isa = PBXFileReference; fileEncoding = 4; lastKnownFileType = sourcecode.c.h; path = LOTCircleAnimator.h; sourceTree = "<group>"; };
		213173A22106CCD800EAEAC6 /* LOTRoundedRectAnimator.m */ = {isa = PBXFileReference; fileEncoding = 4; lastKnownFileType = sourcecode.c.objc; path = LOTRoundedRectAnimator.m; sourceTree = "<group>"; };
		213173A32106CCD800EAEAC6 /* LOTPolygonAnimator.h */ = {isa = PBXFileReference; fileEncoding = 4; lastKnownFileType = sourcecode.c.h; path = LOTPolygonAnimator.h; sourceTree = "<group>"; };
		213173A52106CCD800EAEAC6 /* LOTRenderGroup.m */ = {isa = PBXFileReference; fileEncoding = 4; lastKnownFileType = sourcecode.c.objc; path = LOTRenderGroup.m; sourceTree = "<group>"; };
		213173A62106CCD800EAEAC6 /* LOTGradientFillRender.m */ = {isa = PBXFileReference; fileEncoding = 4; lastKnownFileType = sourcecode.c.objc; path = LOTGradientFillRender.m; sourceTree = "<group>"; };
		213173A72106CCD800EAEAC6 /* LOTFillRenderer.h */ = {isa = PBXFileReference; fileEncoding = 4; lastKnownFileType = sourcecode.c.h; path = LOTFillRenderer.h; sourceTree = "<group>"; };
		213173A82106CCD800EAEAC6 /* LOTStrokeRenderer.h */ = {isa = PBXFileReference; fileEncoding = 4; lastKnownFileType = sourcecode.c.h; path = LOTStrokeRenderer.h; sourceTree = "<group>"; };
		213173A92106CCD800EAEAC6 /* LOTRepeaterRenderer.h */ = {isa = PBXFileReference; fileEncoding = 4; lastKnownFileType = sourcecode.c.h; path = LOTRepeaterRenderer.h; sourceTree = "<group>"; };
		213173AA2106CCD800EAEAC6 /* LOTRenderGroup.h */ = {isa = PBXFileReference; fileEncoding = 4; lastKnownFileType = sourcecode.c.h; path = LOTRenderGroup.h; sourceTree = "<group>"; };
		213173AB2106CCD800EAEAC6 /* LOTStrokeRenderer.m */ = {isa = PBXFileReference; fileEncoding = 4; lastKnownFileType = sourcecode.c.objc; path = LOTStrokeRenderer.m; sourceTree = "<group>"; };
		213173AC2106CCD800EAEAC6 /* LOTFillRenderer.m */ = {isa = PBXFileReference; fileEncoding = 4; lastKnownFileType = sourcecode.c.objc; path = LOTFillRenderer.m; sourceTree = "<group>"; };
		213173AD2106CCD800EAEAC6 /* LOTGradientFillRender.h */ = {isa = PBXFileReference; fileEncoding = 4; lastKnownFileType = sourcecode.c.h; path = LOTGradientFillRender.h; sourceTree = "<group>"; };
		213173AE2106CCD800EAEAC6 /* LOTRepeaterRenderer.m */ = {isa = PBXFileReference; fileEncoding = 4; lastKnownFileType = sourcecode.c.objc; path = LOTRepeaterRenderer.m; sourceTree = "<group>"; };
		213173AF2106CCD800EAEAC6 /* .gitkeep */ = {isa = PBXFileReference; fileEncoding = 4; lastKnownFileType = text; path = .gitkeep; sourceTree = "<group>"; };
		213173B12106CCD800EAEAC6 /* LOTMask.m */ = {isa = PBXFileReference; fileEncoding = 4; lastKnownFileType = sourcecode.c.objc; path = LOTMask.m; sourceTree = "<group>"; };
		213173B22106CCD800EAEAC6 /* LOTLayer.m */ = {isa = PBXFileReference; fileEncoding = 4; lastKnownFileType = sourcecode.c.objc; path = LOTLayer.m; sourceTree = "<group>"; };
		213173B32106CCD800EAEAC6 /* LOTAssetGroup.m */ = {isa = PBXFileReference; fileEncoding = 4; lastKnownFileType = sourcecode.c.objc; path = LOTAssetGroup.m; sourceTree = "<group>"; };
		213173B42106CCD800EAEAC6 /* LOTShapeRectangle.h */ = {isa = PBXFileReference; fileEncoding = 4; lastKnownFileType = sourcecode.c.h; path = LOTShapeRectangle.h; sourceTree = "<group>"; };
		213173B52106CCD800EAEAC6 /* LOTShapeRepeater.h */ = {isa = PBXFileReference; fileEncoding = 4; lastKnownFileType = sourcecode.c.h; path = LOTShapeRepeater.h; sourceTree = "<group>"; };
		213173B62106CCD800EAEAC6 /* LOTAsset.h */ = {isa = PBXFileReference; fileEncoding = 4; lastKnownFileType = sourcecode.c.h; path = LOTAsset.h; sourceTree = "<group>"; };
		213173B72106CCD800EAEAC6 /* LOTShapeCircle.h */ = {isa = PBXFileReference; fileEncoding = 4; lastKnownFileType = sourcecode.c.h; path = LOTShapeCircle.h; sourceTree = "<group>"; };
		213173B82106CCD800EAEAC6 /* LOTLayerGroup.m */ = {isa = PBXFileReference; fileEncoding = 4; lastKnownFileType = sourcecode.c.objc; path = LOTLayerGroup.m; sourceTree = "<group>"; };
		213173B92106CCD800EAEAC6 /* LOTShapeStar.m */ = {isa = PBXFileReference; fileEncoding = 4; lastKnownFileType = sourcecode.c.objc; path = LOTShapeStar.m; sourceTree = "<group>"; };
		213173BA2106CCD800EAEAC6 /* LOTShapeTrimPath.m */ = {isa = PBXFileReference; fileEncoding = 4; lastKnownFileType = sourcecode.c.objc; path = LOTShapeTrimPath.m; sourceTree = "<group>"; };
		213173BB2106CCD800EAEAC6 /* LOTShapeGroup.h */ = {isa = PBXFileReference; fileEncoding = 4; lastKnownFileType = sourcecode.c.h; path = LOTShapeGroup.h; sourceTree = "<group>"; };
		213173BC2106CCD800EAEAC6 /* LOTShapePath.h */ = {isa = PBXFileReference; fileEncoding = 4; lastKnownFileType = sourcecode.c.h; path = LOTShapePath.h; sourceTree = "<group>"; };
		213173BD2106CCD800EAEAC6 /* LOTShapeStroke.h */ = {isa = PBXFileReference; fileEncoding = 4; lastKnownFileType = sourcecode.c.h; path = LOTShapeStroke.h; sourceTree = "<group>"; };
		213173BE2106CCD800EAEAC6 /* LOTShapeGradientFill.m */ = {isa = PBXFileReference; fileEncoding = 4; lastKnownFileType = sourcecode.c.objc; path = LOTShapeGradientFill.m; sourceTree = "<group>"; };
		213173BF2106CCD800EAEAC6 /* LOTShapeFill.h */ = {isa = PBXFileReference; fileEncoding = 4; lastKnownFileType = sourcecode.c.h; path = LOTShapeFill.h; sourceTree = "<group>"; };
		213173C02106CCD800EAEAC6 /* LOTShapeTransform.h */ = {isa = PBXFileReference; fileEncoding = 4; lastKnownFileType = sourcecode.c.h; path = LOTShapeTransform.h; sourceTree = "<group>"; };
		213173C12106CCD800EAEAC6 /* LOTAsset.m */ = {isa = PBXFileReference; fileEncoding = 4; lastKnownFileType = sourcecode.c.objc; path = LOTAsset.m; sourceTree = "<group>"; };
		213173C22106CCD800EAEAC6 /* LOTModels.h */ = {isa = PBXFileReference; fileEncoding = 4; lastKnownFileType = sourcecode.c.h; path = LOTModels.h; sourceTree = "<group>"; };
		213173C32106CCD800EAEAC6 /* LOTShapeRepeater.m */ = {isa = PBXFileReference; fileEncoding = 4; lastKnownFileType = sourcecode.c.objc; path = LOTShapeRepeater.m; sourceTree = "<group>"; };
		213173C42106CCD800EAEAC6 /* LOTAssetGroup.h */ = {isa = PBXFileReference; fileEncoding = 4; lastKnownFileType = sourcecode.c.h; path = LOTAssetGroup.h; sourceTree = "<group>"; };
		213173C52106CCD800EAEAC6 /* LOTShapeRectangle.m */ = {isa = PBXFileReference; fileEncoding = 4; lastKnownFileType = sourcecode.c.objc; path = LOTShapeRectangle.m; sourceTree = "<group>"; };
		213173C62106CCD800EAEAC6 /* LOTLayer.h */ = {isa = PBXFileReference; fileEncoding = 4; lastKnownFileType = sourcecode.c.h; path = LOTLayer.h; sourceTree = "<group>"; };
		213173C72106CCD800EAEAC6 /* LOTMask.h */ = {isa = PBXFileReference; fileEncoding = 4; lastKnownFileType = sourcecode.c.h; path = LOTMask.h; sourceTree = "<group>"; };
		213173C82106CCD800EAEAC6 /* LOTShapeStar.h */ = {isa = PBXFileReference; fileEncoding = 4; lastKnownFileType = sourcecode.c.h; path = LOTShapeStar.h; sourceTree = "<group>"; };
		213173C92106CCD800EAEAC6 /* LOTLayerGroup.h */ = {isa = PBXFileReference; fileEncoding = 4; lastKnownFileType = sourcecode.c.h; path = LOTLayerGroup.h; sourceTree = "<group>"; };
		213173CA2106CCD800EAEAC6 /* LOTShapeCircle.m */ = {isa = PBXFileReference; fileEncoding = 4; lastKnownFileType = sourcecode.c.objc; path = LOTShapeCircle.m; sourceTree = "<group>"; };
		213173CB2106CCD800EAEAC6 /* LOTShapePath.m */ = {isa = PBXFileReference; fileEncoding = 4; lastKnownFileType = sourcecode.c.objc; path = LOTShapePath.m; sourceTree = "<group>"; };
		213173CC2106CCD800EAEAC6 /* LOTShapeGroup.m */ = {isa = PBXFileReference; fileEncoding = 4; lastKnownFileType = sourcecode.c.objc; path = LOTShapeGroup.m; sourceTree = "<group>"; };
		213173CD2106CCD800EAEAC6 /* LOTShapeTrimPath.h */ = {isa = PBXFileReference; fileEncoding = 4; lastKnownFileType = sourcecode.c.h; path = LOTShapeTrimPath.h; sourceTree = "<group>"; };
		213173CE2106CCD800EAEAC6 /* LOTShapeFill.m */ = {isa = PBXFileReference; fileEncoding = 4; lastKnownFileType = sourcecode.c.objc; path = LOTShapeFill.m; sourceTree = "<group>"; };
		213173CF2106CCD800EAEAC6 /* LOTShapeTransform.m */ = {isa = PBXFileReference; fileEncoding = 4; lastKnownFileType = sourcecode.c.objc; path = LOTShapeTransform.m; sourceTree = "<group>"; };
		213173D02106CCD800EAEAC6 /* LOTShapeGradientFill.h */ = {isa = PBXFileReference; fileEncoding = 4; lastKnownFileType = sourcecode.c.h; path = LOTShapeGradientFill.h; sourceTree = "<group>"; };
		213173D12106CCD800EAEAC6 /* LOTShapeStroke.m */ = {isa = PBXFileReference; fileEncoding = 4; lastKnownFileType = sourcecode.c.objc; path = LOTShapeStroke.m; sourceTree = "<group>"; };
		213173D32106CCD800EAEAC6 /* LOTHelpers.h */ = {isa = PBXFileReference; fileEncoding = 4; lastKnownFileType = sourcecode.c.h; path = LOTHelpers.h; sourceTree = "<group>"; };
		213173D42106CCD800EAEAC6 /* LOTRadialGradientLayer.h */ = {isa = PBXFileReference; fileEncoding = 4; lastKnownFileType = sourcecode.c.h; path = LOTRadialGradientLayer.h; sourceTree = "<group>"; };
		213173D52106CCD800EAEAC6 /* CGGeometry+LOTAdditions.m */ = {isa = PBXFileReference; fileEncoding = 4; lastKnownFileType = sourcecode.c.objc; path = "CGGeometry+LOTAdditions.m"; sourceTree = "<group>"; };
		213173D62106CCD800EAEAC6 /* LOTBezierPath.m */ = {isa = PBXFileReference; fileEncoding = 4; lastKnownFileType = sourcecode.c.objc; path = LOTBezierPath.m; sourceTree = "<group>"; };
		213173D72106CCD800EAEAC6 /* UIColor+Expanded.h */ = {isa = PBXFileReference; fileEncoding = 4; lastKnownFileType = sourcecode.c.h; path = "UIColor+Expanded.h"; sourceTree = "<group>"; };
		213173D82106CCD800EAEAC6 /* LOTRadialGradientLayer.m */ = {isa = PBXFileReference; fileEncoding = 4; lastKnownFileType = sourcecode.c.objc; path = LOTRadialGradientLayer.m; sourceTree = "<group>"; };
		213173D92106CCD800EAEAC6 /* CGGeometry+LOTAdditions.h */ = {isa = PBXFileReference; fileEncoding = 4; lastKnownFileType = sourcecode.c.h; path = "CGGeometry+LOTAdditions.h"; sourceTree = "<group>"; };
		213173DA2106CCD800EAEAC6 /* LOTBezierPath.h */ = {isa = PBXFileReference; fileEncoding = 4; lastKnownFileType = sourcecode.c.h; path = LOTBezierPath.h; sourceTree = "<group>"; };
		213173DB2106CCD800EAEAC6 /* UIColor+Expanded.m */ = {isa = PBXFileReference; fileEncoding = 4; lastKnownFileType = sourcecode.c.objc; path = "UIColor+Expanded.m"; sourceTree = "<group>"; };
		213173DD2106CCD800EAEAC6 /* UIColor.h */ = {isa = PBXFileReference; fileEncoding = 4; lastKnownFileType = sourcecode.c.h; path = UIColor.h; sourceTree = "<group>"; };
		213173DE2106CCD800EAEAC6 /* UIBezierPath.m */ = {isa = PBXFileReference; fileEncoding = 4; lastKnownFileType = sourcecode.c.objc; path = UIBezierPath.m; sourceTree = "<group>"; };
		213173DF2106CCD800EAEAC6 /* CALayer+Compat.h */ = {isa = PBXFileReference; fileEncoding = 4; lastKnownFileType = sourcecode.c.h; path = "CALayer+Compat.h"; sourceTree = "<group>"; };
		213173E02106CCD800EAEAC6 /* NSValue+Compat.h */ = {isa = PBXFileReference; fileEncoding = 4; lastKnownFileType = sourcecode.c.h; path = "NSValue+Compat.h"; sourceTree = "<group>"; };
		213173E12106CCD800EAEAC6 /* UIColor.m */ = {isa = PBXFileReference; fileEncoding = 4; lastKnownFileType = sourcecode.c.objc; path = UIColor.m; sourceTree = "<group>"; };
		213173E22106CCD800EAEAC6 /* LOTPlatformCompat.h */ = {isa = PBXFileReference; fileEncoding = 4; lastKnownFileType = sourcecode.c.h; path = LOTPlatformCompat.h; sourceTree = "<group>"; };
		213173E32106CCD800EAEAC6 /* UIBezierPath.h */ = {isa = PBXFileReference; fileEncoding = 4; lastKnownFileType = sourcecode.c.h; path = UIBezierPath.h; sourceTree = "<group>"; };
		213173E42106CCD800EAEAC6 /* NSValue+Compat.m */ = {isa = PBXFileReference; fileEncoding = 4; lastKnownFileType = sourcecode.c.objc; path = "NSValue+Compat.m"; sourceTree = "<group>"; };
		213173E52106CCD800EAEAC6 /* CALayer+Compat.m */ = {isa = PBXFileReference; fileEncoding = 4; lastKnownFileType = sourcecode.c.objc; path = "CALayer+Compat.m"; sourceTree = "<group>"; };
		213173E72106CCD800EAEAC6 /* LOTAnimationCache.m */ = {isa = PBXFileReference; fileEncoding = 4; lastKnownFileType = sourcecode.c.objc; path = LOTAnimationCache.m; sourceTree = "<group>"; };
		213173E82106CCD800EAEAC6 /* LOTBundle.h */ = {isa = PBXFileReference; fileEncoding = 4; lastKnownFileType = sourcecode.c.h; path = LOTBundle.h; sourceTree = "<group>"; };
		213173E92106CCD800EAEAC6 /* LOTComposition.m */ = {isa = PBXFileReference; fileEncoding = 4; lastKnownFileType = sourcecode.c.objc; path = LOTComposition.m; sourceTree = "<group>"; };
		213173EA2106CCD800EAEAC6 /* LOTValueCallback.m */ = {isa = PBXFileReference; fileEncoding = 4; lastKnownFileType = sourcecode.c.objc; path = LOTValueCallback.m; sourceTree = "<group>"; };
		213173EB2106CCD800EAEAC6 /* LOTBlockCallback.m */ = {isa = PBXFileReference; fileEncoding = 4; lastKnownFileType = sourcecode.c.objc; path = LOTBlockCallback.m; sourceTree = "<group>"; };
		213173EC2106CCD800EAEAC6 /* LOTAnimationView.m */ = {isa = PBXFileReference; fileEncoding = 4; lastKnownFileType = sourcecode.c.objc; path = LOTAnimationView.m; sourceTree = "<group>"; };
		213173ED2106CCD800EAEAC6 /* LOTAnimationTransitionController.m */ = {isa = PBXFileReference; fileEncoding = 4; lastKnownFileType = sourcecode.c.objc; path = LOTAnimationTransitionController.m; sourceTree = "<group>"; };
		213173EE2106CCD800EAEAC6 /* LOTAnimationView_Internal.h */ = {isa = PBXFileReference; fileEncoding = 4; lastKnownFileType = sourcecode.c.h; path = LOTAnimationView_Internal.h; sourceTree = "<group>"; };
		213173EF2106CCD800EAEAC6 /* LOTBundle.m */ = {isa = PBXFileReference; fileEncoding = 4; lastKnownFileType = sourcecode.c.objc; path = LOTBundle.m; sourceTree = "<group>"; };
		213173F02106CCD800EAEAC6 /* LOTKeypath.m */ = {isa = PBXFileReference; fileEncoding = 4; lastKnownFileType = sourcecode.c.objc; path = LOTKeypath.m; sourceTree = "<group>"; };
		213173F12106CCD800EAEAC6 /* LOTCacheProvider.m */ = {isa = PBXFileReference; fileEncoding = 4; lastKnownFileType = sourcecode.c.objc; path = LOTCacheProvider.m; sourceTree = "<group>"; };
		213173F22106CCD800EAEAC6 /* LOTAnimatedControl.m */ = {isa = PBXFileReference; fileEncoding = 4; lastKnownFileType = sourcecode.c.objc; path = LOTAnimatedControl.m; sourceTree = "<group>"; };
		213173F32106CCD800EAEAC6 /* LOTInterpolatorCallback.m */ = {isa = PBXFileReference; fileEncoding = 4; lastKnownFileType = sourcecode.c.objc; path = LOTInterpolatorCallback.m; sourceTree = "<group>"; };
		213173F42106CCD800EAEAC6 /* LOTAnimatedSwitch.m */ = {isa = PBXFileReference; fileEncoding = 4; lastKnownFileType = sourcecode.c.objc; path = LOTAnimatedSwitch.m; sourceTree = "<group>"; };
		213173F62106CCD800EAEAC6 /* LOTKeyframe.m */ = {isa = PBXFileReference; fileEncoding = 4; lastKnownFileType = sourcecode.c.objc; path = LOTKeyframe.m; sourceTree = "<group>"; };
		213173F72106CCD800EAEAC6 /* LOTBezierData.m */ = {isa = PBXFileReference; fileEncoding = 4; lastKnownFileType = sourcecode.c.objc; path = LOTBezierData.m; sourceTree = "<group>"; };
		213173F82106CCD800EAEAC6 /* LOTKeyframe.h */ = {isa = PBXFileReference; fileEncoding = 4; lastKnownFileType = sourcecode.c.h; path = LOTKeyframe.h; sourceTree = "<group>"; };
		213173F92106CCD800EAEAC6 /* LOTBezierData.h */ = {isa = PBXFileReference; fileEncoding = 4; lastKnownFileType = sourcecode.c.h; path = LOTBezierData.h; sourceTree = "<group>"; };
		213173FB2106CCD800EAEAC6 /* LOTLayerContainer.m */ = {isa = PBXFileReference; fileEncoding = 4; lastKnownFileType = sourcecode.c.objc; path = LOTLayerContainer.m; sourceTree = "<group>"; };
		213173FC2106CCD800EAEAC6 /* LOTCompositionContainer.h */ = {isa = PBXFileReference; fileEncoding = 4; lastKnownFileType = sourcecode.c.h; path = LOTCompositionContainer.h; sourceTree = "<group>"; };
		213173FD2106CCD800EAEAC6 /* LOTMaskContainer.h */ = {isa = PBXFileReference; fileEncoding = 4; lastKnownFileType = sourcecode.c.h; path = LOTMaskContainer.h; sourceTree = "<group>"; };
		213173FE2106CCD800EAEAC6 /* LOTLayerContainer.h */ = {isa = PBXFileReference; fileEncoding = 4; lastKnownFileType = sourcecode.c.h; path = LOTLayerContainer.h; sourceTree = "<group>"; };
		213173FF2106CCD800EAEAC6 /* LOTCompositionContainer.m */ = {isa = PBXFileReference; fileEncoding = 4; lastKnownFileType = sourcecode.c.objc; path = LOTCompositionContainer.m; sourceTree = "<group>"; };
		213174002106CCD800EAEAC6 /* LOTMaskContainer.m */ = {isa = PBXFileReference; fileEncoding = 4; lastKnownFileType = sourcecode.c.objc; path = LOTMaskContainer.m; sourceTree = "<group>"; };
		213174022106CCD800EAEAC6 /* customDelegate.h */ = {isa = PBXFileReference; fileEncoding = 4; lastKnownFileType = sourcecode.c.h; path = customDelegate.h; sourceTree = "<group>"; };
		213174032106CCD800EAEAC6 /* LOTValueDelegate.h */ = {isa = PBXFileReference; fileEncoding = 4; lastKnownFileType = sourcecode.c.h; path = LOTValueDelegate.h; sourceTree = "<group>"; };
		213174042106CCD800EAEAC6 /* LOTAnimatedControl.h */ = {isa = PBXFileReference; fileEncoding = 4; lastKnownFileType = sourcecode.c.h; path = LOTAnimatedControl.h; sourceTree = "<group>"; };
		213174052106CCD800EAEAC6 /* LOTCacheProvider.h */ = {isa = PBXFileReference; fileEncoding = 4; lastKnownFileType = sourcecode.c.h; path = LOTCacheProvider.h; sourceTree = "<group>"; };
		213174062106CCD800EAEAC6 /* LOTKeypath.h */ = {isa = PBXFileReference; fileEncoding = 4; lastKnownFileType = sourcecode.c.h; path = LOTKeypath.h; sourceTree = "<group>"; };
		213174072106CCD800EAEAC6 /* LOTInterpolatorCallback.h */ = {isa = PBXFileReference; fileEncoding = 4; lastKnownFileType = sourcecode.c.h; path = LOTInterpolatorCallback.h; sourceTree = "<group>"; };
		213174082106CCD800EAEAC6 /* LOTAnimatedSwitch.h */ = {isa = PBXFileReference; fileEncoding = 4; lastKnownFileType = sourcecode.c.h; path = LOTAnimatedSwitch.h; sourceTree = "<group>"; };
		213174092106CCD800EAEAC6 /* LOTAnimationCache.h */ = {isa = PBXFileReference; fileEncoding = 4; lastKnownFileType = sourcecode.c.h; path = LOTAnimationCache.h; sourceTree = "<group>"; };
		2131740A2106CCD800EAEAC6 /* Lottie.h */ = {isa = PBXFileReference; fileEncoding = 4; lastKnownFileType = sourcecode.c.h; path = Lottie.h; sourceTree = "<group>"; };
		2131740B2106CCD800EAEAC6 /* LOTComposition.h */ = {isa = PBXFileReference; fileEncoding = 4; lastKnownFileType = sourcecode.c.h; path = LOTComposition.h; sourceTree = "<group>"; };
		2131740C2106CCD800EAEAC6 /* LOTAnimationTransitionController.h */ = {isa = PBXFileReference; fileEncoding = 4; lastKnownFileType = sourcecode.c.h; path = LOTAnimationTransitionController.h; sourceTree = "<group>"; };
		2131740D2106CCD800EAEAC6 /* LOTAnimationView.h */ = {isa = PBXFileReference; fileEncoding = 4; lastKnownFileType = sourcecode.c.h; path = LOTAnimationView.h; sourceTree = "<group>"; };
		2131740E2106CCD800EAEAC6 /* LOTAnimationView_Compat.h */ = {isa = PBXFileReference; fileEncoding = 4; lastKnownFileType = sourcecode.c.h; path = LOTAnimationView_Compat.h; sourceTree = "<group>"; };
		2131740F2106CCD800EAEAC6 /* LOTValueCallback.h */ = {isa = PBXFileReference; fileEncoding = 4; lastKnownFileType = sourcecode.c.h; path = LOTValueCallback.h; sourceTree = "<group>"; };
		213174102106CCD800EAEAC6 /* LOTBlockCallback.h */ = {isa = PBXFileReference; fileEncoding = 4; lastKnownFileType = sourcecode.c.h; path = LOTBlockCallback.h; sourceTree = "<group>"; };
		213174122106CCD800EAEAC6 /* .gitkeep */ = {isa = PBXFileReference; fileEncoding = 4; lastKnownFileType = text; path = .gitkeep; sourceTree = "<group>"; };
		2152507920FC66D5009E829C /* anmitionCollectionViewCell.h */ = {isa = PBXFileReference; lastKnownFileType = sourcecode.c.h; path = anmitionCollectionViewCell.h; sourceTree = "<group>"; };
		2152507A20FC66D5009E829C /* anmitionCollectionViewCell.m */ = {isa = PBXFileReference; lastKnownFileType = sourcecode.c.objc; path = anmitionCollectionViewCell.m; sourceTree = "<group>"; };
		2152507C20FC677E009E829C /* MyPullulationCollectionViewLayout.m */ = {isa = PBXFileReference; fileEncoding = 4; lastKnownFileType = sourcecode.c.objc; path = MyPullulationCollectionViewLayout.m; sourceTree = "<group>"; };
		2152507D20FC677E009E829C /* MyPullulationCollectionViewLayout.h */ = {isa = PBXFileReference; fileEncoding = 4; lastKnownFileType = sourcecode.c.h; path = MyPullulationCollectionViewLayout.h; sourceTree = "<group>"; };
		2152507F20FD8C59009E829C /* hudViewController.h */ = {isa = PBXFileReference; lastKnownFileType = sourcecode.c.h; path = hudViewController.h; sourceTree = "<group>"; };
		2152508020FD8C59009E829C /* hudViewController.m */ = {isa = PBXFileReference; lastKnownFileType = sourcecode.c.objc; path = hudViewController.m; sourceTree = "<group>"; };
		2152508220FD8D54009E829C /* rootViewController.h */ = {isa = PBXFileReference; lastKnownFileType = sourcecode.c.h; path = rootViewController.h; sourceTree = "<group>"; };
		2152508320FD8D54009E829C /* rootViewController.m */ = {isa = PBXFileReference; lastKnownFileType = sourcecode.c.objc; path = rootViewController.m; sourceTree = "<group>"; };
		2152552C20FF195B009E829C /* anmitionModel.h */ = {isa = PBXFileReference; lastKnownFileType = sourcecode.c.h; path = anmitionModel.h; sourceTree = "<group>"; };
		2152552D20FF195B009E829C /* anmitionModel.m */ = {isa = PBXFileReference; lastKnownFileType = sourcecode.c.objc; path = anmitionModel.m; sourceTree = "<group>"; };
		2152560721004009009E829C /* empty_status.json */ = {isa = PBXFileReference; fileEncoding = 4; lastKnownFileType = text.json; path = empty_status.json; sourceTree = "<group>"; };
		21525609210043C5009E829C /* data.json */ = {isa = PBXFileReference; fileEncoding = 4; lastKnownFileType = text.json; path = data.json; sourceTree = "<group>"; };
		215256102101C0FA009E829C /* MBProgressHUD+hud.h */ = {isa = PBXFileReference; lastKnownFileType = sourcecode.c.h; path = "MBProgressHUD+hud.h"; sourceTree = "<group>"; };
		215256112101C0FA009E829C /* MBProgressHUD+hud.m */ = {isa = PBXFileReference; lastKnownFileType = sourcecode.c.objc; path = "MBProgressHUD+hud.m"; sourceTree = "<group>"; };
		215256162101C183009E829C /* loading.json */ = {isa = PBXFileReference; fileEncoding = 4; lastKnownFileType = text.json; path = loading.json; sourceTree = "<group>"; };
		2152561C2101D217009E829C /* error.json */ = {isa = PBXFileReference; fileEncoding = 4; lastKnownFileType = text.json; path = error.json; sourceTree = "<group>"; };
		2152561E2101D2B9009E829C /* success.json */ = {isa = PBXFileReference; fileEncoding = 4; lastKnownFileType = text.json; path = success.json; sourceTree = "<group>"; };
		215256222101E616009E829C /* setting.json */ = {isa = PBXFileReference; fileEncoding = 4; lastKnownFileType = text.json; path = setting.json; sourceTree = "<group>"; };
		22AB0A8E1916E372EC9D3A56 /* Pods-ios-lotieAnmitionViewUITests.release.xcconfig */ = {isa = PBXFileReference; includeInIndex = 1; lastKnownFileType = text.xcconfig; name = "Pods-ios-lotieAnmitionViewUITests.release.xcconfig"; path = "Pods/Target Support Files/Pods-ios-lotieAnmitionViewUITests/Pods-ios-lotieAnmitionViewUITests.release.xcconfig"; sourceTree = "<group>"; };
		333D2656444EAD992D9F1806 /* Pods-ios-lotieAnmitionViewTests.debug.xcconfig */ = {isa = PBXFileReference; includeInIndex = 1; lastKnownFileType = text.xcconfig; name = "Pods-ios-lotieAnmitionViewTests.debug.xcconfig"; path = "Pods/Target Support Files/Pods-ios-lotieAnmitionViewTests/Pods-ios-lotieAnmitionViewTests.debug.xcconfig"; sourceTree = "<group>"; };
		5A1668B04BF7F1CD736DD8EA /* Pods-ios-lotieAnmitionViewUITests.debug.xcconfig */ = {isa = PBXFileReference; includeInIndex = 1; lastKnownFileType = text.xcconfig; name = "Pods-ios-lotieAnmitionViewUITests.debug.xcconfig"; path = "Pods/Target Support Files/Pods-ios-lotieAnmitionViewUITests/Pods-ios-lotieAnmitionViewUITests.debug.xcconfig"; sourceTree = "<group>"; };
		645DE1DF9C9E8FF8B31D609F /* Pods-ios-lotieAnmitionView.debug.xcconfig */ = {isa = PBXFileReference; includeInIndex = 1; lastKnownFileType = text.xcconfig; name = "Pods-ios-lotieAnmitionView.debug.xcconfig"; path = "Pods/Target Support Files/Pods-ios-lotieAnmitionView/Pods-ios-lotieAnmitionView.debug.xcconfig"; sourceTree = "<group>"; };
		695C8C3784377DB17BBBCF5B /* Pods-ios-lotieAnmitionView.release.xcconfig */ = {isa = PBXFileReference; includeInIndex = 1; lastKnownFileType = text.xcconfig; name = "Pods-ios-lotieAnmitionView.release.xcconfig"; path = "Pods/Target Support Files/Pods-ios-lotieAnmitionView/Pods-ios-lotieAnmitionView.release.xcconfig"; sourceTree = "<group>"; };
		83FCEECC9C2F446C8607CA1C /* Pods-ios-lotieAnmitionViewTests.release.xcconfig */ = {isa = PBXFileReference; includeInIndex = 1; lastKnownFileType = text.xcconfig; name = "Pods-ios-lotieAnmitionViewTests.release.xcconfig"; path = "Pods/Target Support Files/Pods-ios-lotieAnmitionViewTests/Pods-ios-lotieAnmitionViewTests.release.xcconfig"; sourceTree = "<group>"; };
		86E19274E347E1B803B7F08E /* libPods-ios-lotieAnmitionViewTests.a */ = {isa = PBXFileReference; explicitFileType = archive.ar; includeInIndex = 0; path = "libPods-ios-lotieAnmitionViewTests.a"; sourceTree = BUILT_PRODUCTS_DIR; };
		96DB491613267E6E27130ED3 /* libPods-ios-lotieAnmitionViewUITests.a */ = {isa = PBXFileReference; explicitFileType = archive.ar; includeInIndex = 0; path = "libPods-ios-lotieAnmitionViewUITests.a"; sourceTree = BUILT_PRODUCTS_DIR; };
		D50599A62D88FAE46FD48021 /* libPods-ios-lotieAnmitionView.a */ = {isa = PBXFileReference; explicitFileType = archive.ar; includeInIndex = 0; path = "libPods-ios-lotieAnmitionView.a"; sourceTree = BUILT_PRODUCTS_DIR; };
/* End PBXFileReference section */

/* Begin PBXFrameworksBuildPhase section */
		1E9CCC8220FADB3F00C1EDF8 /* Frameworks */ = {
			isa = PBXFrameworksBuildPhase;
			buildActionMask = 2147483647;
			files = (
				57C8429AB1950C5CFE137E97 /* libPods-ios-lotieAnmitionView.a in Frameworks */,
			);
			runOnlyForDeploymentPostprocessing = 0;
		};
		1E9CCC9D20FADB4000C1EDF8 /* Frameworks */ = {
			isa = PBXFrameworksBuildPhase;
			buildActionMask = 2147483647;
			files = (
				6C029EF0E2977087881BDE1F /* libPods-ios-lotieAnmitionViewTests.a in Frameworks */,
			);
			runOnlyForDeploymentPostprocessing = 0;
		};
		1E9CCCA820FADB4000C1EDF8 /* Frameworks */ = {
			isa = PBXFrameworksBuildPhase;
			buildActionMask = 2147483647;
			files = (
				8F20C9C78229446E0002F020 /* libPods-ios-lotieAnmitionViewUITests.a in Frameworks */,
			);
			runOnlyForDeploymentPostprocessing = 0;
		};
/* End PBXFrameworksBuildPhase section */

/* Begin PBXGroup section */
		16B0DB196910AC695F82FC90 /* Pods */ = {
			isa = PBXGroup;
			children = (
				645DE1DF9C9E8FF8B31D609F /* Pods-ios-lotieAnmitionView.debug.xcconfig */,
				695C8C3784377DB17BBBCF5B /* Pods-ios-lotieAnmitionView.release.xcconfig */,
				333D2656444EAD992D9F1806 /* Pods-ios-lotieAnmitionViewTests.debug.xcconfig */,
				83FCEECC9C2F446C8607CA1C /* Pods-ios-lotieAnmitionViewTests.release.xcconfig */,
				5A1668B04BF7F1CD736DD8EA /* Pods-ios-lotieAnmitionViewUITests.debug.xcconfig */,
				22AB0A8E1916E372EC9D3A56 /* Pods-ios-lotieAnmitionViewUITests.release.xcconfig */,
			);
			name = Pods;
			sourceTree = "<group>";
		};
		1E9CCC7C20FADB3F00C1EDF8 = {
			isa = PBXGroup;
			children = (
				21525609210043C5009E829C /* data.json */,
				2152560721004009009E829C /* empty_status.json */,
				2131737E2106CCD800EAEAC6 /* lottie-ios */,
				1E9CCD8E20FADB7B00C1EDF8 /* supportFiles */,
				1E9CCC8720FADB3F00C1EDF8 /* ios-lotieAnmitionView */,
				1E9CCCA320FADB4000C1EDF8 /* ios-lotieAnmitionViewTests */,
				1E9CCCAE20FADB4000C1EDF8 /* ios-lotieAnmitionViewUITests */,
				1E9CCC8620FADB3F00C1EDF8 /* Products */,
				16B0DB196910AC695F82FC90 /* Pods */,
				4B6EAA35D20947DDC7F3AF1D /* Frameworks */,
			);
			sourceTree = "<group>";
		};
		1E9CCC8620FADB3F00C1EDF8 /* Products */ = {
			isa = PBXGroup;
			children = (
				1E9CCC8520FADB3F00C1EDF8 /* ios-lotieAnmitionView.app */,
				1E9CCCA020FADB4000C1EDF8 /* ios-lotieAnmitionViewTests.xctest */,
				1E9CCCAB20FADB4000C1EDF8 /* ios-lotieAnmitionViewUITests.xctest */,
			);
			name = Products;
			sourceTree = "<group>";
		};
		1E9CCC8720FADB3F00C1EDF8 /* ios-lotieAnmitionView */ = {
			isa = PBXGroup;
			children = (
				2152560F2101C0E2009E829C /* HUD */,
				1E9CCC8820FADB3F00C1EDF8 /* AppDelegate.h */,
				1E9CCC8920FADB3F00C1EDF8 /* AppDelegate.m */,
				2152508220FD8D54009E829C /* rootViewController.h */,
				2152508320FD8D54009E829C /* rootViewController.m */,
				1E9CCC8B20FADB3F00C1EDF8 /* ViewController.h */,
				1E9CCC8C20FADB3F00C1EDF8 /* ViewController.m */,
				2152507920FC66D5009E829C /* anmitionCollectionViewCell.h */,
				2152507A20FC66D5009E829C /* anmitionCollectionViewCell.m */,
				2152507D20FC677E009E829C /* MyPullulationCollectionViewLayout.h */,
				2152507C20FC677E009E829C /* MyPullulationCollectionViewLayout.m */,
				2152507F20FD8C59009E829C /* hudViewController.h */,
				2152508020FD8C59009E829C /* hudViewController.m */,
				2152552C20FF195B009E829C /* anmitionModel.h */,
				2152552D20FF195B009E829C /* anmitionModel.m */,
				1E9CCC8E20FADB3F00C1EDF8 /* Main.storyboard */,
				1E9CCC9420FADB4000C1EDF8 /* Assets.xcassets */,
				1E9CCC9620FADB4000C1EDF8 /* LaunchScreen.storyboard */,
				1E9CCC9920FADB4000C1EDF8 /* Info.plist */,
				1E9CCC9A20FADB4000C1EDF8 /* main.m */,
				1E9CCC9120FADB3F00C1EDF8 /* ios_lotieAnmitionView.xcdatamodeld */,
			);
			path = "ios-lotieAnmitionView";
			sourceTree = "<group>";
		};
		1E9CCCA320FADB4000C1EDF8 /* ios-lotieAnmitionViewTests */ = {
			isa = PBXGroup;
			children = (
				1E9CCCA420FADB4000C1EDF8 /* ios_lotieAnmitionViewTests.m */,
				1E9CCCA620FADB4000C1EDF8 /* Info.plist */,
			);
			path = "ios-lotieAnmitionViewTests";
			sourceTree = "<group>";
		};
		1E9CCCAE20FADB4000C1EDF8 /* ios-lotieAnmitionViewUITests */ = {
			isa = PBXGroup;
			children = (
				1E9CCCAF20FADB4000C1EDF8 /* ios_lotieAnmitionViewUITests.m */,
				1E9CCCB120FADB4000C1EDF8 /* Info.plist */,
			);
			path = "ios-lotieAnmitionViewUITests";
			sourceTree = "<group>";
		};
		1E9CCD8E20FADB7B00C1EDF8 /* supportFiles */ = {
			isa = PBXGroup;
			children = (
				1E9CCD8F20FADB9300C1EDF8 /* bundle */,
			);
			path = supportFiles;
			sourceTree = "<group>";
		};
		1E9CCD8F20FADB9300C1EDF8 /* bundle */ = {
			isa = PBXGroup;
			children = (
				1E9CCD9020FADB9300C1EDF8 /* image2.bundle */,
				1E9CCD9120FADB9300C1EDF8 /* image4.bundle */,
				1E9CCD9220FADB9300C1EDF8 /* image6.bundle */,
				1E9CCD9320FADB9300C1EDF8 /* image3.bundle */,
				1E9CCD9420FADB9300C1EDF8 /* image1.bundle */,
				1E9CCD9520FADB9300C1EDF8 /* image5.bundle */,
				1E9CCD9620FADB9300C1EDF8 /* image7.bundle */,
			);
			path = bundle;
			sourceTree = "<group>";
		};
		2131737E2106CCD800EAEAC6 /* lottie-ios */ = {
			isa = PBXGroup;
			children = (
				2131737F2106CCD800EAEAC6 /* Classes */,
				213174112106CCD800EAEAC6 /* Assets */,
			);
			path = "lottie-ios";
			sourceTree = "<group>";
		};
		2131737F2106CCD800EAEAC6 /* Classes */ = {
			isa = PBXGroup;
			children = (
				213173802106CCD800EAEAC6 /* RenderSystem */,
				213173AF2106CCD800EAEAC6 /* .gitkeep */,
				213173B02106CCD800EAEAC6 /* Models */,
				213173D22106CCD800EAEAC6 /* Extensions */,
				213173DC2106CCD800EAEAC6 /* MacCompatability */,
				213173E62106CCD800EAEAC6 /* Private */,
				213173F52106CCD800EAEAC6 /* AnimatableProperties */,
				213173FA2106CCD800EAEAC6 /* AnimatableLayers */,
				213174012106CCD800EAEAC6 /* PublicHeaders */,
			);
			path = Classes;
			sourceTree = "<group>";
		};
		213173802106CCD800EAEAC6 /* RenderSystem */ = {
			isa = PBXGroup;
			children = (
				213173812106CCD800EAEAC6 /* LOTRenderNode.m */,
				213173822106CCD800EAEAC6 /* LOTAnimatorNode.h */,
				213173832106CCD800EAEAC6 /* LOTRenderNode.h */,
				213173842106CCD800EAEAC6 /* ManipulatorNodes */,
				213173872106CCD800EAEAC6 /* InterpolatorNodes */,
				213173982106CCD800EAEAC6 /* LOTAnimatorNode.m */,
				213173992106CCD800EAEAC6 /* AnimatorNodes */,
				213173A42106CCD800EAEAC6 /* RenderNodes */,
			);
			path = RenderSystem;
			sourceTree = "<group>";
		};
		213173842106CCD800EAEAC6 /* ManipulatorNodes */ = {
			isa = PBXGroup;
			children = (
				213173852106CCD800EAEAC6 /* LOTTrimPathNode.h */,
				213173862106CCD800EAEAC6 /* LOTTrimPathNode.m */,
			);
			path = ManipulatorNodes;
			sourceTree = "<group>";
		};
		213173872106CCD800EAEAC6 /* InterpolatorNodes */ = {
			isa = PBXGroup;
			children = (
				213173882106CCD800EAEAC6 /* LOTColorInterpolator.m */,
				213173892106CCD800EAEAC6 /* LOTPathInterpolator.m */,
				2131738A2106CCD800EAEAC6 /* LOTSizeInterpolator.h */,
				2131738B2106CCD800EAEAC6 /* LOTValueInterpolator.h */,
				2131738C2106CCD800EAEAC6 /* LOTPointInterpolator.h */,
				2131738D2106CCD800EAEAC6 /* LOTNumberInterpolator.h */,
				2131738E2106CCD800EAEAC6 /* LOTTransformInterpolator.h */,
				2131738F2106CCD800EAEAC6 /* LOTArrayInterpolator.h */,
				213173902106CCD800EAEAC6 /* LOTColorInterpolator.h */,
				213173912106CCD800EAEAC6 /* LOTSizeInterpolator.m */,
				213173922106CCD800EAEAC6 /* LOTPathInterpolator.h */,
				213173932106CCD800EAEAC6 /* LOTPointInterpolator.m */,
				213173942106CCD800EAEAC6 /* LOTValueInterpolator.m */,
				213173952106CCD800EAEAC6 /* LOTTransformInterpolator.m */,
				213173962106CCD800EAEAC6 /* LOTArrayInterpolator.m */,
				213173972106CCD800EAEAC6 /* LOTNumberInterpolator.m */,
			);
			path = InterpolatorNodes;
			sourceTree = "<group>";
		};
		213173992106CCD800EAEAC6 /* AnimatorNodes */ = {
			isa = PBXGroup;
			children = (
				2131739A2106CCD800EAEAC6 /* LOTPathAnimator.m */,
				2131739B2106CCD800EAEAC6 /* LOTPolystarAnimator.m */,
				2131739C2106CCD800EAEAC6 /* LOTPolygonAnimator.m */,
				2131739D2106CCD800EAEAC6 /* LOTRoundedRectAnimator.h */,
				2131739E2106CCD800EAEAC6 /* LOTCircleAnimator.m */,
				2131739F2106CCD800EAEAC6 /* LOTPolystarAnimator.h */,
				213173A02106CCD800EAEAC6 /* LOTPathAnimator.h */,
				213173A12106CCD800EAEAC6 /* LOTCircleAnimator.h */,
				213173A22106CCD800EAEAC6 /* LOTRoundedRectAnimator.m */,
				213173A32106CCD800EAEAC6 /* LOTPolygonAnimator.h */,
			);
			path = AnimatorNodes;
			sourceTree = "<group>";
		};
		213173A42106CCD800EAEAC6 /* RenderNodes */ = {
			isa = PBXGroup;
			children = (
				213173A52106CCD800EAEAC6 /* LOTRenderGroup.m */,
				213173A62106CCD800EAEAC6 /* LOTGradientFillRender.m */,
				213173A72106CCD800EAEAC6 /* LOTFillRenderer.h */,
				213173A82106CCD800EAEAC6 /* LOTStrokeRenderer.h */,
				213173A92106CCD800EAEAC6 /* LOTRepeaterRenderer.h */,
				213173AA2106CCD800EAEAC6 /* LOTRenderGroup.h */,
				213173AB2106CCD800EAEAC6 /* LOTStrokeRenderer.m */,
				213173AC2106CCD800EAEAC6 /* LOTFillRenderer.m */,
				213173AD2106CCD800EAEAC6 /* LOTGradientFillRender.h */,
				213173AE2106CCD800EAEAC6 /* LOTRepeaterRenderer.m */,
			);
			path = RenderNodes;
			sourceTree = "<group>";
		};
		213173B02106CCD800EAEAC6 /* Models */ = {
			isa = PBXGroup;
			children = (
				213173B12106CCD800EAEAC6 /* LOTMask.m */,
				213173B22106CCD800EAEAC6 /* LOTLayer.m */,
				213173B32106CCD800EAEAC6 /* LOTAssetGroup.m */,
				213173B42106CCD800EAEAC6 /* LOTShapeRectangle.h */,
				213173B52106CCD800EAEAC6 /* LOTShapeRepeater.h */,
				213173B62106CCD800EAEAC6 /* LOTAsset.h */,
				213173B72106CCD800EAEAC6 /* LOTShapeCircle.h */,
				213173B82106CCD800EAEAC6 /* LOTLayerGroup.m */,
				213173B92106CCD800EAEAC6 /* LOTShapeStar.m */,
				213173BA2106CCD800EAEAC6 /* LOTShapeTrimPath.m */,
				213173BB2106CCD800EAEAC6 /* LOTShapeGroup.h */,
				213173BC2106CCD800EAEAC6 /* LOTShapePath.h */,
				213173BD2106CCD800EAEAC6 /* LOTShapeStroke.h */,
				213173BE2106CCD800EAEAC6 /* LOTShapeGradientFill.m */,
				213173BF2106CCD800EAEAC6 /* LOTShapeFill.h */,
				213173C02106CCD800EAEAC6 /* LOTShapeTransform.h */,
				213173C12106CCD800EAEAC6 /* LOTAsset.m */,
				213173C22106CCD800EAEAC6 /* LOTModels.h */,
				213173C32106CCD800EAEAC6 /* LOTShapeRepeater.m */,
				213173C42106CCD800EAEAC6 /* LOTAssetGroup.h */,
				213173C52106CCD800EAEAC6 /* LOTShapeRectangle.m */,
				213173C62106CCD800EAEAC6 /* LOTLayer.h */,
				213173C72106CCD800EAEAC6 /* LOTMask.h */,
				213173C82106CCD800EAEAC6 /* LOTShapeStar.h */,
				213173C92106CCD800EAEAC6 /* LOTLayerGroup.h */,
				213173CA2106CCD800EAEAC6 /* LOTShapeCircle.m */,
				213173CB2106CCD800EAEAC6 /* LOTShapePath.m */,
				213173CC2106CCD800EAEAC6 /* LOTShapeGroup.m */,
				213173CD2106CCD800EAEAC6 /* LOTShapeTrimPath.h */,
				213173CE2106CCD800EAEAC6 /* LOTShapeFill.m */,
				213173CF2106CCD800EAEAC6 /* LOTShapeTransform.m */,
				213173D02106CCD800EAEAC6 /* LOTShapeGradientFill.h */,
				213173D12106CCD800EAEAC6 /* LOTShapeStroke.m */,
			);
			path = Models;
			sourceTree = "<group>";
		};
		213173D22106CCD800EAEAC6 /* Extensions */ = {
			isa = PBXGroup;
			children = (
				213173D32106CCD800EAEAC6 /* LOTHelpers.h */,
				213173D42106CCD800EAEAC6 /* LOTRadialGradientLayer.h */,
				213173D52106CCD800EAEAC6 /* CGGeometry+LOTAdditions.m */,
				213173D62106CCD800EAEAC6 /* LOTBezierPath.m */,
				213173D72106CCD800EAEAC6 /* UIColor+Expanded.h */,
				213173D82106CCD800EAEAC6 /* LOTRadialGradientLayer.m */,
				213173D92106CCD800EAEAC6 /* CGGeometry+LOTAdditions.h */,
				213173DA2106CCD800EAEAC6 /* LOTBezierPath.h */,
				213173DB2106CCD800EAEAC6 /* UIColor+Expanded.m */,
			);
			path = Extensions;
			sourceTree = "<group>";
		};
		213173DC2106CCD800EAEAC6 /* MacCompatability */ = {
			isa = PBXGroup;
			children = (
				213173DD2106CCD800EAEAC6 /* UIColor.h */,
				213173DE2106CCD800EAEAC6 /* UIBezierPath.m */,
				213173DF2106CCD800EAEAC6 /* CALayer+Compat.h */,
				213173E02106CCD800EAEAC6 /* NSValue+Compat.h */,
				213173E12106CCD800EAEAC6 /* UIColor.m */,
				213173E22106CCD800EAEAC6 /* LOTPlatformCompat.h */,
				213173E32106CCD800EAEAC6 /* UIBezierPath.h */,
				213173E42106CCD800EAEAC6 /* NSValue+Compat.m */,
				213173E52106CCD800EAEAC6 /* CALayer+Compat.m */,
			);
			path = MacCompatability;
			sourceTree = "<group>";
		};
		213173E62106CCD800EAEAC6 /* Private */ = {
			isa = PBXGroup;
			children = (
				213173E72106CCD800EAEAC6 /* LOTAnimationCache.m */,
				213173E92106CCD800EAEAC6 /* LOTComposition.m */,
				213173EA2106CCD800EAEAC6 /* LOTValueCallback.m */,
				213173EB2106CCD800EAEAC6 /* LOTBlockCallback.m */,
				213173EC2106CCD800EAEAC6 /* LOTAnimationView.m */,
				213173ED2106CCD800EAEAC6 /* LOTAnimationTransitionController.m */,
				213173EE2106CCD800EAEAC6 /* LOTAnimationView_Internal.h */,
				213173E82106CCD800EAEAC6 /* LOTBundle.h */,
				213173EF2106CCD800EAEAC6 /* LOTBundle.m */,
				213173F02106CCD800EAEAC6 /* LOTKeypath.m */,
				213173F12106CCD800EAEAC6 /* LOTCacheProvider.m */,
				213173F22106CCD800EAEAC6 /* LOTAnimatedControl.m */,
				213173F32106CCD800EAEAC6 /* LOTInterpolatorCallback.m */,
				213173F42106CCD800EAEAC6 /* LOTAnimatedSwitch.m */,
			);
			path = Private;
			sourceTree = "<group>";
		};
		213173F52106CCD800EAEAC6 /* AnimatableProperties */ = {
			isa = PBXGroup;
			children = (
				213173F62106CCD800EAEAC6 /* LOTKeyframe.m */,
				213173F72106CCD800EAEAC6 /* LOTBezierData.m */,
				213173F82106CCD800EAEAC6 /* LOTKeyframe.h */,
				213173F92106CCD800EAEAC6 /* LOTBezierData.h */,
			);
			path = AnimatableProperties;
			sourceTree = "<group>";
		};
		213173FA2106CCD800EAEAC6 /* AnimatableLayers */ = {
			isa = PBXGroup;
			children = (
				213173FB2106CCD800EAEAC6 /* LOTLayerContainer.m */,
				213173FC2106CCD800EAEAC6 /* LOTCompositionContainer.h */,
				213173FD2106CCD800EAEAC6 /* LOTMaskContainer.h */,
				213173FE2106CCD800EAEAC6 /* LOTLayerContainer.h */,
				213173FF2106CCD800EAEAC6 /* LOTCompositionContainer.m */,
				213174002106CCD800EAEAC6 /* LOTMaskContainer.m */,
			);
			path = AnimatableLayers;
			sourceTree = "<group>";
		};
		213174012106CCD800EAEAC6 /* PublicHeaders */ = {
			isa = PBXGroup;
			children = (
				213174022106CCD800EAEAC6 /* customDelegate.h */,
				213174032106CCD800EAEAC6 /* LOTValueDelegate.h */,
				213174042106CCD800EAEAC6 /* LOTAnimatedControl.h */,
				213174052106CCD800EAEAC6 /* LOTCacheProvider.h */,
				213174062106CCD800EAEAC6 /* LOTKeypath.h */,
				213174072106CCD800EAEAC6 /* LOTInterpolatorCallback.h */,
				213174082106CCD800EAEAC6 /* LOTAnimatedSwitch.h */,
				213174092106CCD800EAEAC6 /* LOTAnimationCache.h */,
				2131740A2106CCD800EAEAC6 /* Lottie.h */,
				2131740B2106CCD800EAEAC6 /* LOTComposition.h */,
				2131740C2106CCD800EAEAC6 /* LOTAnimationTransitionController.h */,
				2131740D2106CCD800EAEAC6 /* LOTAnimationView.h */,
				2131740E2106CCD800EAEAC6 /* LOTAnimationView_Compat.h */,
				2131740F2106CCD800EAEAC6 /* LOTValueCallback.h */,
				213174102106CCD800EAEAC6 /* LOTBlockCallback.h */,
			);
			path = PublicHeaders;
			sourceTree = "<group>";
		};
		213174112106CCD800EAEAC6 /* Assets */ = {
			isa = PBXGroup;
			children = (
				213174122106CCD800EAEAC6 /* .gitkeep */,
			);
			path = Assets;
			sourceTree = "<group>";
		};
		2152560F2101C0E2009E829C /* HUD */ = {
			isa = PBXGroup;
			children = (
				215256222101E616009E829C /* setting.json */,
				2152561E2101D2B9009E829C /* success.json */,
				2152561C2101D217009E829C /* error.json */,
				215256162101C183009E829C /* loading.json */,
				215256102101C0FA009E829C /* MBProgressHUD+hud.h */,
				215256112101C0FA009E829C /* MBProgressHUD+hud.m */,
			);
			path = HUD;
			sourceTree = "<group>";
		};
		4B6EAA35D20947DDC7F3AF1D /* Frameworks */ = {
			isa = PBXGroup;
			children = (
				D50599A62D88FAE46FD48021 /* libPods-ios-lotieAnmitionView.a */,
				86E19274E347E1B803B7F08E /* libPods-ios-lotieAnmitionViewTests.a */,
				96DB491613267E6E27130ED3 /* libPods-ios-lotieAnmitionViewUITests.a */,
			);
			name = Frameworks;
			sourceTree = "<group>";
		};
/* End PBXGroup section */

/* Begin PBXNativeTarget section */
		1E9CCC8420FADB3F00C1EDF8 /* ios-lotieAnmitionView */ = {
			isa = PBXNativeTarget;
			buildConfigurationList = 1E9CCCB420FADB4000C1EDF8 /* Build configuration list for PBXNativeTarget "ios-lotieAnmitionView" */;
			buildPhases = (
				9F6E10701D074299B6C73E43 /* [CP] Check Pods Manifest.lock */,
				1E9CCC8120FADB3F00C1EDF8 /* Sources */,
				1E9CCC8220FADB3F00C1EDF8 /* Frameworks */,
				1E9CCC8320FADB3F00C1EDF8 /* Resources */,
			);
			buildRules = (
			);
			dependencies = (
			);
			name = "ios-lotieAnmitionView";
			productName = "ios-lotieAnmitionView";
			productReference = 1E9CCC8520FADB3F00C1EDF8 /* ios-lotieAnmitionView.app */;
			productType = "com.apple.product-type.application";
		};
		1E9CCC9F20FADB4000C1EDF8 /* ios-lotieAnmitionViewTests */ = {
			isa = PBXNativeTarget;
			buildConfigurationList = 1E9CCCB720FADB4000C1EDF8 /* Build configuration list for PBXNativeTarget "ios-lotieAnmitionViewTests" */;
			buildPhases = (
				265A5D6E8B81E75D7EC1DC5E /* [CP] Check Pods Manifest.lock */,
				1E9CCC9C20FADB4000C1EDF8 /* Sources */,
				1E9CCC9D20FADB4000C1EDF8 /* Frameworks */,
				1E9CCC9E20FADB4000C1EDF8 /* Resources */,
			);
			buildRules = (
			);
			dependencies = (
				1E9CCCA220FADB4000C1EDF8 /* PBXTargetDependency */,
			);
			name = "ios-lotieAnmitionViewTests";
			productName = "ios-lotieAnmitionViewTests";
			productReference = 1E9CCCA020FADB4000C1EDF8 /* ios-lotieAnmitionViewTests.xctest */;
			productType = "com.apple.product-type.bundle.unit-test";
		};
		1E9CCCAA20FADB4000C1EDF8 /* ios-lotieAnmitionViewUITests */ = {
			isa = PBXNativeTarget;
			buildConfigurationList = 1E9CCCBA20FADB4000C1EDF8 /* Build configuration list for PBXNativeTarget "ios-lotieAnmitionViewUITests" */;
			buildPhases = (
				849337F32EE4398B0A3A745A /* [CP] Check Pods Manifest.lock */,
				1E9CCCA720FADB4000C1EDF8 /* Sources */,
				1E9CCCA820FADB4000C1EDF8 /* Frameworks */,
				1E9CCCA920FADB4000C1EDF8 /* Resources */,
			);
			buildRules = (
			);
			dependencies = (
				1E9CCCAD20FADB4000C1EDF8 /* PBXTargetDependency */,
			);
			name = "ios-lotieAnmitionViewUITests";
			productName = "ios-lotieAnmitionViewUITests";
			productReference = 1E9CCCAB20FADB4000C1EDF8 /* ios-lotieAnmitionViewUITests.xctest */;
			productType = "com.apple.product-type.bundle.ui-testing";
		};
/* End PBXNativeTarget section */

/* Begin PBXProject section */
		1E9CCC7D20FADB3F00C1EDF8 /* Project object */ = {
			isa = PBXProject;
			attributes = {
				LastUpgradeCheck = 0940;
				ORGANIZATIONNAME = wangwen;
				TargetAttributes = {
					1E9CCC8420FADB3F00C1EDF8 = {
						CreatedOnToolsVersion = 9.4.1;
					};
					1E9CCC9F20FADB4000C1EDF8 = {
						CreatedOnToolsVersion = 9.4.1;
						TestTargetID = 1E9CCC8420FADB3F00C1EDF8;
					};
					1E9CCCAA20FADB4000C1EDF8 = {
						CreatedOnToolsVersion = 9.4.1;
						TestTargetID = 1E9CCC8420FADB3F00C1EDF8;
					};
				};
			};
			buildConfigurationList = 1E9CCC8020FADB3F00C1EDF8 /* Build configuration list for PBXProject "ios-lotieAnmitionView" */;
			compatibilityVersion = "Xcode 9.3";
			developmentRegion = en;
			hasScannedForEncodings = 0;
			knownRegions = (
				en,
				Base,
			);
			mainGroup = 1E9CCC7C20FADB3F00C1EDF8;
			productRefGroup = 1E9CCC8620FADB3F00C1EDF8 /* Products */;
			projectDirPath = "";
			projectRoot = "";
			targets = (
				1E9CCC8420FADB3F00C1EDF8 /* ios-lotieAnmitionView */,
				1E9CCC9F20FADB4000C1EDF8 /* ios-lotieAnmitionViewTests */,
				1E9CCCAA20FADB4000C1EDF8 /* ios-lotieAnmitionViewUITests */,
			);
		};
/* End PBXProject section */

/* Begin PBXResourcesBuildPhase section */
		1E9CCC8320FADB3F00C1EDF8 /* Resources */ = {
			isa = PBXResourcesBuildPhase;
			buildActionMask = 2147483647;
			files = (
				1E9CCC9820FADB4000C1EDF8 /* LaunchScreen.storyboard in Resources */,
				1E9CCD9C20FADB9300C1EDF8 /* image5.bundle in Resources */,
				1E9CCC9520FADB4000C1EDF8 /* Assets.xcassets in Resources */,
				213174522106CCD800EAEAC6 /* .gitkeep in Resources */,
				215256232101E616009E829C /* setting.json in Resources */,
				1E9CCD9B20FADB9300C1EDF8 /* image1.bundle in Resources */,
				1E9CCD9A20FADB9300C1EDF8 /* image3.bundle in Resources */,
				2152561D2101D217009E829C /* error.json in Resources */,
				1E9CCC9020FADB3F00C1EDF8 /* Main.storyboard in Resources */,
				215256172101C184009E829C /* loading.json in Resources */,
				1E9CCD9D20FADB9300C1EDF8 /* image7.bundle in Resources */,
				2152560A210043C5009E829C /* data.json in Resources */,
				213174282106CCD800EAEAC6 /* .gitkeep in Resources */,
				1E9CCD9720FADB9300C1EDF8 /* image2.bundle in Resources */,
				1E9CCD9820FADB9300C1EDF8 /* image4.bundle in Resources */,
				2152561F2101D2B9009E829C /* success.json in Resources */,
				2152560821004009009E829C /* empty_status.json in Resources */,
				1E9CCD9920FADB9300C1EDF8 /* image6.bundle in Resources */,
			);
			runOnlyForDeploymentPostprocessing = 0;
		};
		1E9CCC9E20FADB4000C1EDF8 /* Resources */ = {
			isa = PBXResourcesBuildPhase;
			buildActionMask = 2147483647;
			files = (
			);
			runOnlyForDeploymentPostprocessing = 0;
		};
		1E9CCCA920FADB4000C1EDF8 /* Resources */ = {
			isa = PBXResourcesBuildPhase;
			buildActionMask = 2147483647;
			files = (
			);
			runOnlyForDeploymentPostprocessing = 0;
		};
/* End PBXResourcesBuildPhase section */

/* Begin PBXShellScriptBuildPhase section */
		265A5D6E8B81E75D7EC1DC5E /* [CP] Check Pods Manifest.lock */ = {
			isa = PBXShellScriptBuildPhase;
			buildActionMask = 2147483647;
			files = (
			);
			inputPaths = (
				"${PODS_PODFILE_DIR_PATH}/Podfile.lock",
				"${PODS_ROOT}/Manifest.lock",
			);
			name = "[CP] Check Pods Manifest.lock";
			outputPaths = (
				"$(DERIVED_FILE_DIR)/Pods-ios-lotieAnmitionViewTests-checkManifestLockResult.txt",
			);
			runOnlyForDeploymentPostprocessing = 0;
			shellPath = /bin/sh;
			shellScript = "diff \"${PODS_PODFILE_DIR_PATH}/Podfile.lock\" \"${PODS_ROOT}/Manifest.lock\" > /dev/null\nif [ $? != 0 ] ; then\n    # print error to STDERR\n    echo \"error: The sandbox is not in sync with the Podfile.lock. Run 'pod install' or update your CocoaPods installation.\" >&2\n    exit 1\nfi\n# This output is used by Xcode 'outputs' to avoid re-running this script phase.\necho \"SUCCESS\" > \"${SCRIPT_OUTPUT_FILE_0}\"\n";
			showEnvVarsInLog = 0;
		};
		849337F32EE4398B0A3A745A /* [CP] Check Pods Manifest.lock */ = {
			isa = PBXShellScriptBuildPhase;
			buildActionMask = 2147483647;
			files = (
			);
			inputPaths = (
				"${PODS_PODFILE_DIR_PATH}/Podfile.lock",
				"${PODS_ROOT}/Manifest.lock",
			);
			name = "[CP] Check Pods Manifest.lock";
			outputPaths = (
				"$(DERIVED_FILE_DIR)/Pods-ios-lotieAnmitionViewUITests-checkManifestLockResult.txt",
			);
			runOnlyForDeploymentPostprocessing = 0;
			shellPath = /bin/sh;
			shellScript = "diff \"${PODS_PODFILE_DIR_PATH}/Podfile.lock\" \"${PODS_ROOT}/Manifest.lock\" > /dev/null\nif [ $? != 0 ] ; then\n    # print error to STDERR\n    echo \"error: The sandbox is not in sync with the Podfile.lock. Run 'pod install' or update your CocoaPods installation.\" >&2\n    exit 1\nfi\n# This output is used by Xcode 'outputs' to avoid re-running this script phase.\necho \"SUCCESS\" > \"${SCRIPT_OUTPUT_FILE_0}\"\n";
			showEnvVarsInLog = 0;
		};
		9F6E10701D074299B6C73E43 /* [CP] Check Pods Manifest.lock */ = {
			isa = PBXShellScriptBuildPhase;
			buildActionMask = 2147483647;
			files = (
			);
			inputPaths = (
				"${PODS_PODFILE_DIR_PATH}/Podfile.lock",
				"${PODS_ROOT}/Manifest.lock",
			);
			name = "[CP] Check Pods Manifest.lock";
			outputPaths = (
				"$(DERIVED_FILE_DIR)/Pods-ios-lotieAnmitionView-checkManifestLockResult.txt",
			);
			runOnlyForDeploymentPostprocessing = 0;
			shellPath = /bin/sh;
			shellScript = "diff \"${PODS_PODFILE_DIR_PATH}/Podfile.lock\" \"${PODS_ROOT}/Manifest.lock\" > /dev/null\nif [ $? != 0 ] ; then\n    # print error to STDERR\n    echo \"error: The sandbox is not in sync with the Podfile.lock. Run 'pod install' or update your CocoaPods installation.\" >&2\n    exit 1\nfi\n# This output is used by Xcode 'outputs' to avoid re-running this script phase.\necho \"SUCCESS\" > \"${SCRIPT_OUTPUT_FILE_0}\"\n";
			showEnvVarsInLog = 0;
		};
/* End PBXShellScriptBuildPhase section */

/* Begin PBXSourcesBuildPhase section */
		1E9CCC8120FADB3F00C1EDF8 /* Sources */ = {
			isa = PBXSourcesBuildPhase;
			buildActionMask = 2147483647;
			files = (
				213174462106CCD800EAEAC6 /* LOTAnimationTransitionController.m in Sources */,
				2152507B20FC66D5009E829C /* anmitionCollectionViewCell.m in Sources */,
				1E9CCC8D20FADB3F00C1EDF8 /* ViewController.m in Sources */,
				213174472106CCD800EAEAC6 /* LOTBundle.m in Sources */,
				213174322106CCD800EAEAC6 /* LOTShapeRectangle.m in Sources */,
				213174452106CCD800EAEAC6 /* LOTAnimationView.m in Sources */,
				2152508420FD8D54009E829C /* rootViewController.m in Sources */,
				1E9CCC8A20FADB3F00C1EDF8 /* AppDelegate.m in Sources */,
				213174212106CCD800EAEAC6 /* LOTCircleAnimator.m in Sources */,
				213174312106CCD800EAEAC6 /* LOTShapeRepeater.m in Sources */,
				2131741B2106CCD800EAEAC6 /* LOTArrayInterpolator.m in Sources */,
				213174152106CCD800EAEAC6 /* LOTColorInterpolator.m in Sources */,
				213174332106CCD800EAEAC6 /* LOTShapeCircle.m in Sources */,
				2131744A2106CCD800EAEAC6 /* LOTAnimatedControl.m in Sources */,
				1E9CCC9B20FADB4000C1EDF8 /* main.m in Sources */,
				2152552E20FF195B009E829C /* anmitionModel.m in Sources */,
				213174172106CCD800EAEAC6 /* LOTSizeInterpolator.m in Sources */,
				213174302106CCD800EAEAC6 /* LOTAsset.m in Sources */,
				2131742B2106CCD800EAEAC6 /* LOTAssetGroup.m in Sources */,
				2131741F2106CCD800EAEAC6 /* LOTPolystarAnimator.m in Sources */,
				2131743B2106CCD800EAEAC6 /* LOTRadialGradientLayer.m in Sources */,
				2131742C2106CCD800EAEAC6 /* LOTLayerGroup.m in Sources */,
				2131741D2106CCD800EAEAC6 /* LOTAnimatorNode.m in Sources */,
				213174192106CCD800EAEAC6 /* LOTValueInterpolator.m in Sources */,
				213174352106CCD800EAEAC6 /* LOTShapeGroup.m in Sources */,
				2131743C2106CCD800EAEAC6 /* UIColor+Expanded.m in Sources */,
				213174342106CCD800EAEAC6 /* LOTShapePath.m in Sources */,
				213174512106CCD800EAEAC6 /* LOTMaskContainer.m in Sources */,
				213174382106CCD800EAEAC6 /* LOTShapeStroke.m in Sources */,
				2131742D2106CCD800EAEAC6 /* LOTShapeStar.m in Sources */,
				2131743D2106CCD800EAEAC6 /* UIBezierPath.m in Sources */,
				2152507E20FC677F009E829C /* MyPullulationCollectionViewLayout.m in Sources */,
				215256122101C0FA009E829C /* MBProgressHUD+hud.m in Sources */,
				2131744C2106CCD800EAEAC6 /* LOTAnimatedSwitch.m in Sources */,
				2131741E2106CCD800EAEAC6 /* LOTPathAnimator.m in Sources */,
				213174132106CCD800EAEAC6 /* LOTRenderNode.m in Sources */,
				1E9CCC9320FADB3F00C1EDF8 /* ios_lotieAnmitionView.xcdatamodeld in Sources */,
				2131742A2106CCD800EAEAC6 /* LOTLayer.m in Sources */,
				213174232106CCD800EAEAC6 /* LOTRenderGroup.m in Sources */,
				213174272106CCD800EAEAC6 /* LOTRepeaterRenderer.m in Sources */,
				213174372106CCD800EAEAC6 /* LOTShapeTransform.m in Sources */,
				2131743E2106CCD800EAEAC6 /* UIColor.m in Sources */,
				213174402106CCD800EAEAC6 /* CALayer+Compat.m in Sources */,
				213174202106CCD800EAEAC6 /* LOTPolygonAnimator.m in Sources */,
				213174442106CCD800EAEAC6 /* LOTBlockCallback.m in Sources */,
				213174252106CCD800EAEAC6 /* LOTStrokeRenderer.m in Sources */,
				213174262106CCD800EAEAC6 /* LOTFillRenderer.m in Sources */,
				213174392106CCD800EAEAC6 /* CGGeometry+LOTAdditions.m in Sources */,
				213174162106CCD800EAEAC6 /* LOTPathInterpolator.m in Sources */,
				2131743A2106CCD800EAEAC6 /* LOTBezierPath.m in Sources */,
				213174502106CCD800EAEAC6 /* LOTCompositionContainer.m in Sources */,
				2131743F2106CCD800EAEAC6 /* NSValue+Compat.m in Sources */,
				213174182106CCD800EAEAC6 /* LOTPointInterpolator.m in Sources */,
				2131744D2106CCD800EAEAC6 /* LOTKeyframe.m in Sources */,
				213174142106CCD800EAEAC6 /* LOTTrimPathNode.m in Sources */,
				2131744F2106CCD800EAEAC6 /* LOTLayerContainer.m in Sources */,
				2131741C2106CCD800EAEAC6 /* LOTNumberInterpolator.m in Sources */,
				2131742E2106CCD800EAEAC6 /* LOTShapeTrimPath.m in Sources */,
				213174432106CCD800EAEAC6 /* LOTValueCallback.m in Sources */,
				2152508120FD8C59009E829C /* hudViewController.m in Sources */,
				213174412106CCD800EAEAC6 /* LOTAnimationCache.m in Sources */,
				2131744E2106CCD800EAEAC6 /* LOTBezierData.m in Sources */,
				213174362106CCD800EAEAC6 /* LOTShapeFill.m in Sources */,
				2131744B2106CCD800EAEAC6 /* LOTInterpolatorCallback.m in Sources */,
				213174222106CCD800EAEAC6 /* LOTRoundedRectAnimator.m in Sources */,
				213174242106CCD800EAEAC6 /* LOTGradientFillRender.m in Sources */,
				2131741A2106CCD800EAEAC6 /* LOTTransformInterpolator.m in Sources */,
				213174492106CCD800EAEAC6 /* LOTCacheProvider.m in Sources */,
				2131742F2106CCD800EAEAC6 /* LOTShapeGradientFill.m in Sources */,
				213174292106CCD800EAEAC6 /* LOTMask.m in Sources */,
				213174422106CCD800EAEAC6 /* LOTComposition.m in Sources */,
				213174482106CCD800EAEAC6 /* LOTKeypath.m in Sources */,
			);
			runOnlyForDeploymentPostprocessing = 0;
		};
		1E9CCC9C20FADB4000C1EDF8 /* Sources */ = {
			isa = PBXSourcesBuildPhase;
			buildActionMask = 2147483647;
			files = (
				1E9CCCA520FADB4000C1EDF8 /* ios_lotieAnmitionViewTests.m in Sources */,
			);
			runOnlyForDeploymentPostprocessing = 0;
		};
		1E9CCCA720FADB4000C1EDF8 /* Sources */ = {
			isa = PBXSourcesBuildPhase;
			buildActionMask = 2147483647;
			files = (
				1E9CCCB020FADB4000C1EDF8 /* ios_lotieAnmitionViewUITests.m in Sources */,
			);
			runOnlyForDeploymentPostprocessing = 0;
		};
/* End PBXSourcesBuildPhase section */

/* Begin PBXTargetDependency section */
		1E9CCCA220FADB4000C1EDF8 /* PBXTargetDependency */ = {
			isa = PBXTargetDependency;
			target = 1E9CCC8420FADB3F00C1EDF8 /* ios-lotieAnmitionView */;
			targetProxy = 1E9CCCA120FADB4000C1EDF8 /* PBXContainerItemProxy */;
		};
		1E9CCCAD20FADB4000C1EDF8 /* PBXTargetDependency */ = {
			isa = PBXTargetDependency;
			target = 1E9CCC8420FADB3F00C1EDF8 /* ios-lotieAnmitionView */;
			targetProxy = 1E9CCCAC20FADB4000C1EDF8 /* PBXContainerItemProxy */;
		};
/* End PBXTargetDependency section */

/* Begin PBXVariantGroup section */
		1E9CCC8E20FADB3F00C1EDF8 /* Main.storyboard */ = {
			isa = PBXVariantGroup;
			children = (
				1E9CCC8F20FADB3F00C1EDF8 /* Base */,
			);
			name = Main.storyboard;
			sourceTree = "<group>";
		};
		1E9CCC9620FADB4000C1EDF8 /* LaunchScreen.storyboard */ = {
			isa = PBXVariantGroup;
			children = (
				1E9CCC9720FADB4000C1EDF8 /* Base */,
			);
			name = LaunchScreen.storyboard;
			sourceTree = "<group>";
		};
/* End PBXVariantGroup section */

/* Begin XCBuildConfiguration section */
		1E9CCCB220FADB4000C1EDF8 /* Debug */ = {
			isa = XCBuildConfiguration;
			buildSettings = {
				ALWAYS_SEARCH_USER_PATHS = NO;
				CLANG_ANALYZER_NONNULL = YES;
				CLANG_ANALYZER_NUMBER_OBJECT_CONVERSION = YES_AGGRESSIVE;
				CLANG_CXX_LANGUAGE_STANDARD = "gnu++14";
				CLANG_CXX_LIBRARY = "libc++";
				CLANG_ENABLE_MODULES = YES;
				CLANG_ENABLE_OBJC_ARC = YES;
				CLANG_ENABLE_OBJC_WEAK = YES;
				CLANG_WARN_BLOCK_CAPTURE_AUTORELEASING = YES;
				CLANG_WARN_BOOL_CONVERSION = YES;
				CLANG_WARN_COMMA = YES;
				CLANG_WARN_CONSTANT_CONVERSION = YES;
				CLANG_WARN_DEPRECATED_OBJC_IMPLEMENTATIONS = YES;
				CLANG_WARN_DIRECT_OBJC_ISA_USAGE = YES_ERROR;
				CLANG_WARN_DOCUMENTATION_COMMENTS = YES;
				CLANG_WARN_EMPTY_BODY = YES;
				CLANG_WARN_ENUM_CONVERSION = YES;
				CLANG_WARN_INFINITE_RECURSION = YES;
				CLANG_WARN_INT_CONVERSION = YES;
				CLANG_WARN_NON_LITERAL_NULL_CONVERSION = YES;
				CLANG_WARN_OBJC_IMPLICIT_RETAIN_SELF = YES;
				CLANG_WARN_OBJC_LITERAL_CONVERSION = YES;
				CLANG_WARN_OBJC_ROOT_CLASS = YES_ERROR;
				CLANG_WARN_RANGE_LOOP_ANALYSIS = YES;
				CLANG_WARN_STRICT_PROTOTYPES = YES;
				CLANG_WARN_SUSPICIOUS_MOVE = YES;
				CLANG_WARN_UNGUARDED_AVAILABILITY = YES_AGGRESSIVE;
				CLANG_WARN_UNREACHABLE_CODE = YES;
				CLANG_WARN__DUPLICATE_METHOD_MATCH = YES;
				CODE_SIGN_IDENTITY = "iPhone Developer";
				COPY_PHASE_STRIP = NO;
				DEBUG_INFORMATION_FORMAT = dwarf;
				ENABLE_STRICT_OBJC_MSGSEND = YES;
				ENABLE_TESTABILITY = YES;
				GCC_C_LANGUAGE_STANDARD = gnu11;
				GCC_DYNAMIC_NO_PIC = NO;
				GCC_NO_COMMON_BLOCKS = YES;
				GCC_OPTIMIZATION_LEVEL = 0;
				GCC_PREPROCESSOR_DEFINITIONS = (
					"DEBUG=1",
					"$(inherited)",
				);
				GCC_WARN_64_TO_32_BIT_CONVERSION = YES;
				GCC_WARN_ABOUT_RETURN_TYPE = YES_ERROR;
				GCC_WARN_UNDECLARED_SELECTOR = YES;
				GCC_WARN_UNINITIALIZED_AUTOS = YES_AGGRESSIVE;
				GCC_WARN_UNUSED_FUNCTION = YES;
				GCC_WARN_UNUSED_VARIABLE = YES;
				IPHONEOS_DEPLOYMENT_TARGET = 11.4;
				MTL_ENABLE_DEBUG_INFO = YES;
				ONLY_ACTIVE_ARCH = YES;
				SDKROOT = iphoneos;
			};
			name = Debug;
		};
		1E9CCCB320FADB4000C1EDF8 /* Release */ = {
			isa = XCBuildConfiguration;
			buildSettings = {
				ALWAYS_SEARCH_USER_PATHS = NO;
				CLANG_ANALYZER_NONNULL = YES;
				CLANG_ANALYZER_NUMBER_OBJECT_CONVERSION = YES_AGGRESSIVE;
				CLANG_CXX_LANGUAGE_STANDARD = "gnu++14";
				CLANG_CXX_LIBRARY = "libc++";
				CLANG_ENABLE_MODULES = YES;
				CLANG_ENABLE_OBJC_ARC = YES;
				CLANG_ENABLE_OBJC_WEAK = YES;
				CLANG_WARN_BLOCK_CAPTURE_AUTORELEASING = YES;
				CLANG_WARN_BOOL_CONVERSION = YES;
				CLANG_WARN_COMMA = YES;
				CLANG_WARN_CONSTANT_CONVERSION = YES;
				CLANG_WARN_DEPRECATED_OBJC_IMPLEMENTATIONS = YES;
				CLANG_WARN_DIRECT_OBJC_ISA_USAGE = YES_ERROR;
				CLANG_WARN_DOCUMENTATION_COMMENTS = YES;
				CLANG_WARN_EMPTY_BODY = YES;
				CLANG_WARN_ENUM_CONVERSION = YES;
				CLANG_WARN_INFINITE_RECURSION = YES;
				CLANG_WARN_INT_CONVERSION = YES;
				CLANG_WARN_NON_LITERAL_NULL_CONVERSION = YES;
				CLANG_WARN_OBJC_IMPLICIT_RETAIN_SELF = YES;
				CLANG_WARN_OBJC_LITERAL_CONVERSION = YES;
				CLANG_WARN_OBJC_ROOT_CLASS = YES_ERROR;
				CLANG_WARN_RANGE_LOOP_ANALYSIS = YES;
				CLANG_WARN_STRICT_PROTOTYPES = YES;
				CLANG_WARN_SUSPICIOUS_MOVE = YES;
				CLANG_WARN_UNGUARDED_AVAILABILITY = YES_AGGRESSIVE;
				CLANG_WARN_UNREACHABLE_CODE = YES;
				CLANG_WARN__DUPLICATE_METHOD_MATCH = YES;
				CODE_SIGN_IDENTITY = "iPhone Developer";
				COPY_PHASE_STRIP = NO;
				DEBUG_INFORMATION_FORMAT = "dwarf-with-dsym";
				ENABLE_NS_ASSERTIONS = NO;
				ENABLE_STRICT_OBJC_MSGSEND = YES;
				GCC_C_LANGUAGE_STANDARD = gnu11;
				GCC_NO_COMMON_BLOCKS = YES;
				GCC_WARN_64_TO_32_BIT_CONVERSION = YES;
				GCC_WARN_ABOUT_RETURN_TYPE = YES_ERROR;
				GCC_WARN_UNDECLARED_SELECTOR = YES;
				GCC_WARN_UNINITIALIZED_AUTOS = YES_AGGRESSIVE;
				GCC_WARN_UNUSED_FUNCTION = YES;
				GCC_WARN_UNUSED_VARIABLE = YES;
				IPHONEOS_DEPLOYMENT_TARGET = 11.4;
				MTL_ENABLE_DEBUG_INFO = NO;
				SDKROOT = iphoneos;
				VALIDATE_PRODUCT = YES;
			};
			name = Release;
		};
		1E9CCCB520FADB4000C1EDF8 /* Debug */ = {
			isa = XCBuildConfiguration;
			baseConfigurationReference = 645DE1DF9C9E8FF8B31D609F /* Pods-ios-lotieAnmitionView.debug.xcconfig */;
			buildSettings = {
				ASSETCATALOG_COMPILER_APPICON_NAME = AppIcon;
				CODE_SIGN_STYLE = Automatic;
				DEVELOPMENT_TEAM = 9Q972K774Y;
				INFOPLIST_FILE = "ios-lotieAnmitionView/Info.plist";
				LD_RUNPATH_SEARCH_PATHS = (
					"$(inherited)",
					"@executable_path/Frameworks",
				);
				PRODUCT_BUNDLE_IDENTIFIER = "com.quzubuluo.quzu.ios-lotieAnmitionView";
				PRODUCT_NAME = "$(TARGET_NAME)";
				TARGETED_DEVICE_FAMILY = "1,2";
			};
			name = Debug;
		};
		1E9CCCB620FADB4000C1EDF8 /* Release */ = {
			isa = XCBuildConfiguration;
			baseConfigurationReference = 695C8C3784377DB17BBBCF5B /* Pods-ios-lotieAnmitionView.release.xcconfig */;
			buildSettings = {
				ASSETCATALOG_COMPILER_APPICON_NAME = AppIcon;
				CODE_SIGN_STYLE = Automatic;
				DEVELOPMENT_TEAM = 9Q972K774Y;
				INFOPLIST_FILE = "ios-lotieAnmitionView/Info.plist";
				LD_RUNPATH_SEARCH_PATHS = (
					"$(inherited)",
					"@executable_path/Frameworks",
				);
				PRODUCT_BUNDLE_IDENTIFIER = "com.quzubuluo.quzu.ios-lotieAnmitionView";
				PRODUCT_NAME = "$(TARGET_NAME)";
				TARGETED_DEVICE_FAMILY = "1,2";
			};
			name = Release;
		};
		1E9CCCB820FADB4000C1EDF8 /* Debug */ = {
			isa = XCBuildConfiguration;
			baseConfigurationReference = 333D2656444EAD992D9F1806 /* Pods-ios-lotieAnmitionViewTests.debug.xcconfig */;
			buildSettings = {
				BUNDLE_LOADER = "$(TEST_HOST)";
				CODE_SIGN_STYLE = Automatic;
				DEVELOPMENT_TEAM = J8LCMA5Y22;
				INFOPLIST_FILE = "ios-lotieAnmitionViewTests/Info.plist";
				LD_RUNPATH_SEARCH_PATHS = (
					"$(inherited)",
					"@executable_path/Frameworks",
					"@loader_path/Frameworks",
				);
				PRODUCT_BUNDLE_IDENTIFIER = "com.quzubuluo.quzu.ios-lotieAnmitionViewTests";
				PRODUCT_NAME = "$(TARGET_NAME)";
				TARGETED_DEVICE_FAMILY = "1,2";
				TEST_HOST = "$(BUILT_PRODUCTS_DIR)/ios-lotieAnmitionView.app/ios-lotieAnmitionView";
			};
			name = Debug;
		};
		1E9CCCB920FADB4000C1EDF8 /* Release */ = {
			isa = XCBuildConfiguration;
			baseConfigurationReference = 83FCEECC9C2F446C8607CA1C /* Pods-ios-lotieAnmitionViewTests.release.xcconfig */;
			buildSettings = {
				BUNDLE_LOADER = "$(TEST_HOST)";
				CODE_SIGN_STYLE = Automatic;
				DEVELOPMENT_TEAM = J8LCMA5Y22;
				INFOPLIST_FILE = "ios-lotieAnmitionViewTests/Info.plist";
				LD_RUNPATH_SEARCH_PATHS = (
					"$(inherited)",
					"@executable_path/Frameworks",
					"@loader_path/Frameworks",
				);
				PRODUCT_BUNDLE_IDENTIFIER = "com.quzubuluo.quzu.ios-lotieAnmitionViewTests";
				PRODUCT_NAME = "$(TARGET_NAME)";
				TARGETED_DEVICE_FAMILY = "1,2";
				TEST_HOST = "$(BUILT_PRODUCTS_DIR)/ios-lotieAnmitionView.app/ios-lotieAnmitionView";
			};
			name = Release;
		};
		1E9CCCBB20FADB4000C1EDF8 /* Debug */ = {
			isa = XCBuildConfiguration;
			baseConfigurationReference = 5A1668B04BF7F1CD736DD8EA /* Pods-ios-lotieAnmitionViewUITests.debug.xcconfig */;
			buildSettings = {
				CODE_SIGN_STYLE = Automatic;
				DEVELOPMENT_TEAM = J8LCMA5Y22;
				INFOPLIST_FILE = "ios-lotieAnmitionViewUITests/Info.plist";
				LD_RUNPATH_SEARCH_PATHS = (
					"$(inherited)",
					"@executable_path/Frameworks",
					"@loader_path/Frameworks",
				);
				PRODUCT_BUNDLE_IDENTIFIER = "com.quzubuluo.quzu.ios-lotieAnmitionViewUITests";
				PRODUCT_NAME = "$(TARGET_NAME)";
				TARGETED_DEVICE_FAMILY = "1,2";
				TEST_TARGET_NAME = "ios-lotieAnmitionView";
			};
			name = Debug;
		};
		1E9CCCBC20FADB4000C1EDF8 /* Release */ = {
			isa = XCBuildConfiguration;
			baseConfigurationReference = 22AB0A8E1916E372EC9D3A56 /* Pods-ios-lotieAnmitionViewUITests.release.xcconfig */;
			buildSettings = {
				CODE_SIGN_STYLE = Automatic;
				DEVELOPMENT_TEAM = J8LCMA5Y22;
				INFOPLIST_FILE = "ios-lotieAnmitionViewUITests/Info.plist";
				LD_RUNPATH_SEARCH_PATHS = (
					"$(inherited)",
					"@executable_path/Frameworks",
					"@loader_path/Frameworks",
				);
				PRODUCT_BUNDLE_IDENTIFIER = "com.quzubuluo.quzu.ios-lotieAnmitionViewUITests";
				PRODUCT_NAME = "$(TARGET_NAME)";
				TARGETED_DEVICE_FAMILY = "1,2";
				TEST_TARGET_NAME = "ios-lotieAnmitionView";
			};
			name = Release;
		};
/* End XCBuildConfiguration section */

/* Begin XCConfigurationList section */
		1E9CCC8020FADB3F00C1EDF8 /* Build configuration list for PBXProject "ios-lotieAnmitionView" */ = {
			isa = XCConfigurationList;
			buildConfigurations = (
				1E9CCCB220FADB4000C1EDF8 /* Debug */,
				1E9CCCB320FADB4000C1EDF8 /* Release */,
			);
			defaultConfigurationIsVisible = 0;
			defaultConfigurationName = Release;
		};
		1E9CCCB420FADB4000C1EDF8 /* Build configuration list for PBXNativeTarget "ios-lotieAnmitionView" */ = {
			isa = XCConfigurationList;
			buildConfigurations = (
				1E9CCCB520FADB4000C1EDF8 /* Debug */,
				1E9CCCB620FADB4000C1EDF8 /* Release */,
			);
			defaultConfigurationIsVisible = 0;
			defaultConfigurationName = Release;
		};
		1E9CCCB720FADB4000C1EDF8 /* Build configuration list for PBXNativeTarget "ios-lotieAnmitionViewTests" */ = {
			isa = XCConfigurationList;
			buildConfigurations = (
				1E9CCCB820FADB4000C1EDF8 /* Debug */,
				1E9CCCB920FADB4000C1EDF8 /* Release */,
			);
			defaultConfigurationIsVisible = 0;
			defaultConfigurationName = Release;
		};
		1E9CCCBA20FADB4000C1EDF8 /* Build configuration list for PBXNativeTarget "ios-lotieAnmitionViewUITests" */ = {
			isa = XCConfigurationList;
			buildConfigurations = (
				1E9CCCBB20FADB4000C1EDF8 /* Debug */,
				1E9CCCBC20FADB4000C1EDF8 /* Release */,
			);
			defaultConfigurationIsVisible = 0;
			defaultConfigurationName = Release;
		};
/* End XCConfigurationList section */

/* Begin XCVersionGroup section */
		1E9CCC9120FADB3F00C1EDF8 /* ios_lotieAnmitionView.xcdatamodeld */ = {
			isa = XCVersionGroup;
			children = (
				1E9CCC9220FADB3F00C1EDF8 /* ios_lotieAnmitionView.xcdatamodel */,
			);
			currentVersion = 1E9CCC9220FADB3F00C1EDF8 /* ios_lotieAnmitionView.xcdatamodel */;
			path = ios_lotieAnmitionView.xcdatamodeld;
			sourceTree = "<group>";
			versionGroupType = wrapper.xcdatamodel;
		};
/* End XCVersionGroup section */
	};
	rootObject = 1E9CCC7D20FADB3F00C1EDF8 /* Project object */;
}
